// !$*UTF8*$!
{
	archiveVersion = 1;
	classes = {
	};
	objectVersion = 46;
	objects = {

/* Begin PBXBuildFile section */
		197D02EB1369DC800082C1EC /* WebRequest.m in Sources */ = {isa = PBXBuildFile; fileRef = 197D02EA1369DC800082C1EC /* WebRequest.m */; };
		19B51B32135C81670015FB5A /* green_up.png in Resources */ = {isa = PBXBuildFile; fileRef = 19B51B30135C81670015FB5A /* green_up.png */; };
		19B51B33135C81670015FB5A /* red_down.png in Resources */ = {isa = PBXBuildFile; fileRef = 19B51B31135C81670015FB5A /* red_down.png */; };
		19B51B3D135C81840015FB5A /* JSONKit.m in Sources */ = {isa = PBXBuildFile; fileRef = 19B51B35135C81840015FB5A /* JSONKit.m */; };
		19B51B3E135C81840015FB5A /* QuotesTableCell.m in Sources */ = {isa = PBXBuildFile; fileRef = 19B51B37135C81840015FB5A /* QuotesTableCell.m */; };
		19B51B3F135C81840015FB5A /* QuotesTableCell.xib in Resources */ = {isa = PBXBuildFile; fileRef = 19B51B38135C81840015FB5A /* QuotesTableCell.xib */; };
		19B51B40135C81840015FB5A /* QuotesTableDelegate.m in Sources */ = {isa = PBXBuildFile; fileRef = 19B51B3A135C81840015FB5A /* QuotesTableDelegate.m */; };
		19B51B41135C81840015FB5A /* QuotesViewController.m in Sources */ = {isa = PBXBuildFile; fileRef = 19B51B3C135C81840015FB5A /* QuotesViewController.m */; };
		19B51B43135C823A0015FB5A /* QuotesViewController.xib in Resources */ = {isa = PBXBuildFile; fileRef = 19B51B42135C823A0015FB5A /* QuotesViewController.xib */; };
		F404C875134F4FF0006EAA18 /* WidgetLg.m in Sources */ = {isa = PBXBuildFile; fileRef = F404C873134F4FF0006EAA18 /* WidgetLg.m */; };
		F404C876134F4FF0006EAA18 /* WidgetLg.xib in Resources */ = {isa = PBXBuildFile; fileRef = F404C874134F4FF0006EAA18 /* WidgetLg.xib */; };
		F42470541364941300660869 /* full_screen.png in Resources */ = {isa = PBXBuildFile; fileRef = F42470521364941300660869 /* full_screen.png */; };
		F42470551364941300660869 /* restore.png in Resources */ = {isa = PBXBuildFile; fileRef = F42470531364941300660869 /* restore.png */; };
		F42470621369259200660869 /* widget_title.png in Resources */ = {isa = PBXBuildFile; fileRef = F424705F1369259100660869 /* widget_title.png */; };
		F42470631369259200660869 /* widget_topleft.png in Resources */ = {isa = PBXBuildFile; fileRef = F42470601369259200660869 /* widget_topleft.png */; };
		F42470641369259200660869 /* widget_topright.png in Resources */ = {isa = PBXBuildFile; fileRef = F42470611369259200660869 /* widget_topright.png */; };
		F42470661369259E00660869 /* widget_large_body.png in Resources */ = {isa = PBXBuildFile; fileRef = F42470651369259E00660869 /* widget_large_body.png */; };
		F424706A13692AC100660869 /* VideoWidget.m in Sources */ = {isa = PBXBuildFile; fileRef = F424706813692AC100660869 /* VideoWidget.m */; };
		F424706B13692AC100660869 /* VideoWidget.xib in Resources */ = {isa = PBXBuildFile; fileRef = F424706913692AC100660869 /* VideoWidget.xib */; };
		F424706D1369305E00660869 /* MediaPlayer.framework in Frameworks */ = {isa = PBXBuildFile; fileRef = F424706C1369305D00660869 /* MediaPlayer.framework */; };
		F424706F1369328B00660869 /* MediaPlayer.framework in Frameworks */ = {isa = PBXBuildFile; fileRef = F424706E1369328B00660869 /* MediaPlayer.framework */; };
		F42470771369811E00660869 /* widgetlg_bottom_left.png in Resources */ = {isa = PBXBuildFile; fileRef = F42470701369810200660869 /* widgetlg_bottom_left.png */; };
		F42470781369811E00660869 /* widgetlg_bottom_right.png in Resources */ = {isa = PBXBuildFile; fileRef = F42470711369810300660869 /* widgetlg_bottom_right.png */; };
		F42470791369811E00660869 /* widgetlg_shadow_bottom.png in Resources */ = {isa = PBXBuildFile; fileRef = F42470721369810400660869 /* widgetlg_shadow_bottom.png */; };
		F424707A1369811E00660869 /* widgetlg_shadow_left.png in Resources */ = {isa = PBXBuildFile; fileRef = F42470731369810600660869 /* widgetlg_shadow_left.png */; };
		F424707B1369811E00660869 /* widgetlg_shadow_top.png in Resources */ = {isa = PBXBuildFile; fileRef = F42470741369810A00660869 /* widgetlg_shadow_top.png */; };
		F424707C1369811E00660869 /* widgetlg_top_left.png in Resources */ = {isa = PBXBuildFile; fileRef = F42470751369810D00660869 /* widgetlg_top_left.png */; };
		F424707D1369811E00660869 /* widgetlg_top_right.png in Resources */ = {isa = PBXBuildFile; fileRef = F42470761369811300660869 /* widgetlg_top_right.png */; };
		F424C405135C1BDE00EF228D /* UIViewScrollContainer.m in Sources */ = {isa = PBXBuildFile; fileRef = F424C404135C1BDE00EF228D /* UIViewScrollContainer.m */; };
		F43DD7331358CC7100F92AD9 /* StocksWidget.m in Sources */ = {isa = PBXBuildFile; fileRef = F43DD7311358CC7100F92AD9 /* StocksWidget.m */; };
		F43DD7341358CC7100F92AD9 /* StocksWidget.xib in Resources */ = {isa = PBXBuildFile; fileRef = F43DD7321358CC7100F92AD9 /* StocksWidget.xib */; };
		F43DD7381358D09100F92AD9 /* WidgetConfig.m in Sources */ = {isa = PBXBuildFile; fileRef = F43DD7371358D09100F92AD9 /* WidgetConfig.m */; };
		F43DD73B1358D17B00F92AD9 /* AppConfig.m in Sources */ = {isa = PBXBuildFile; fileRef = F43DD73A1358D17B00F92AD9 /* AppConfig.m */; };
		F43DD7471359DCEC00F92AD9 /* ScrollViewConfig.m in Sources */ = {isa = PBXBuildFile; fileRef = F43DD7461359DCEC00F92AD9 /* ScrollViewConfig.m */; };
		F43DD752135AB2C700F92AD9 /* Widget.m in Sources */ = {isa = PBXBuildFile; fileRef = F43DD751135AB2C600F92AD9 /* Widget.m */; };
		F43DD757135B691A00F92AD9 /* NewsAndAnalysisWidget.m in Sources */ = {isa = PBXBuildFile; fileRef = F43DD755135B691A00F92AD9 /* NewsAndAnalysisWidget.m */; };
		F43DD758135B691A00F92AD9 /* NewsAndAnalysisWidget.xib in Resources */ = {isa = PBXBuildFile; fileRef = F43DD756135B691A00F92AD9 /* NewsAndAnalysisWidget.xib */; };
		F43DD75A135B6A5900F92AD9 /* stockquotes.png in Resources */ = {isa = PBXBuildFile; fileRef = F43DD759135B6A5900F92AD9 /* stockquotes.png */; };
		F4825F721356321000837AE2 /* widget_body.png in Resources */ = {isa = PBXBuildFile; fileRef = F4825F711356321000837AE2 /* widget_body.png */; };
		F485BE22134E4C9200B344D9 /* ScrollManager.m in Sources */ = {isa = PBXBuildFile; fileRef = F485BE21134E4C9200B344D9 /* ScrollManager.m */; };
		F48B4D0F134E063F007B0100 /* UIKit.framework in Frameworks */ = {isa = PBXBuildFile; fileRef = F48B4D0E134E063F007B0100 /* UIKit.framework */; };
		F48B4D11134E063F007B0100 /* Foundation.framework in Frameworks */ = {isa = PBXBuildFile; fileRef = F48B4D10134E063F007B0100 /* Foundation.framework */; };
		F48B4D13134E063F007B0100 /* CoreGraphics.framework in Frameworks */ = {isa = PBXBuildFile; fileRef = F48B4D12134E063F007B0100 /* CoreGraphics.framework */; };
		F48B4D15134E063F007B0100 /* CoreData.framework in Frameworks */ = {isa = PBXBuildFile; fileRef = F48B4D14134E063F007B0100 /* CoreData.framework */; };
		F48B4D1B134E063F007B0100 /* InfoPlist.strings in Resources */ = {isa = PBXBuildFile; fileRef = F48B4D19134E063F007B0100 /* InfoPlist.strings */; };
		F48B4D1E134E063F007B0100 /* main.m in Sources */ = {isa = PBXBuildFile; fileRef = F48B4D1D134E063F007B0100 /* main.m */; };
		F48B4D21134E063F007B0100 /* EEIAppDelegate.m in Sources */ = {isa = PBXBuildFile; fileRef = F48B4D20134E063F007B0100 /* EEIAppDelegate.m */; };
		F48B4D24134E063F007B0100 /* EEIPad.xcdatamodeld in Sources */ = {isa = PBXBuildFile; fileRef = F48B4D22134E063F007B0100 /* EEIPad.xcdatamodeld */; };
		F48B4D27134E063F007B0100 /* MainWindow.xib in Resources */ = {isa = PBXBuildFile; fileRef = F48B4D25134E063F007B0100 /* MainWindow.xib */; };
		F48B4D2A134E063F007B0100 /* DetailViewController.m in Sources */ = {isa = PBXBuildFile; fileRef = F48B4D29134E063F007B0100 /* DetailViewController.m */; };
		F48B4D2D134E063F007B0100 /* DetailView.xib in Resources */ = {isa = PBXBuildFile; fileRef = F48B4D2B134E063F007B0100 /* DetailView.xib */; };
		F48B4D37134E063F007B0100 /* UIKit.framework in Frameworks */ = {isa = PBXBuildFile; fileRef = F48B4D0E134E063F007B0100 /* UIKit.framework */; };
		F48B4D38134E063F007B0100 /* Foundation.framework in Frameworks */ = {isa = PBXBuildFile; fileRef = F48B4D10134E063F007B0100 /* Foundation.framework */; };
		F48B4D39134E063F007B0100 /* CoreGraphics.framework in Frameworks */ = {isa = PBXBuildFile; fileRef = F48B4D12134E063F007B0100 /* CoreGraphics.framework */; };
		F48B4D3A134E063F007B0100 /* CoreData.framework in Frameworks */ = {isa = PBXBuildFile; fileRef = F48B4D14134E063F007B0100 /* CoreData.framework */; };
		F48B4D42134E063F007B0100 /* InfoPlist.strings in Resources */ = {isa = PBXBuildFile; fileRef = F48B4D40134E063F007B0100 /* InfoPlist.strings */; };
		F48B4D45134E063F007B0100 /* EEIPadTests.h in Resources */ = {isa = PBXBuildFile; fileRef = F48B4D44134E063F007B0100 /* EEIPadTests.h */; };
		F48B4D47134E063F007B0100 /* EEIPadTests.m in Sources */ = {isa = PBXBuildFile; fileRef = F48B4D46134E063F007B0100 /* EEIPadTests.m */; };
		F4AF48C01369845D00CA9EBB /* widgetlg_shadow_right.png in Resources */ = {isa = PBXBuildFile; fileRef = F4AF48BF1369845D00CA9EBB /* widgetlg_shadow_right.png */; };
		F4C2C65C13699BB300C40D21 /* widgetlg_bottom_pattern.png in Resources */ = {isa = PBXBuildFile; fileRef = F4C2C65B13699BB300C40D21 /* widgetlg_bottom_pattern.png */; };
		F4C2C65F13699BBF00C40D21 /* widgetlg_top_pattern.png in Resources */ = {isa = PBXBuildFile; fileRef = F4C2C65E13699BBF00C40D21 /* widgetlg_top_pattern.png */; };
		F4E6D6B513543CEF00E8F15E /* btn_zoomin.png in Resources */ = {isa = PBXBuildFile; fileRef = F4E6D6B313543CEF00E8F15E /* btn_zoomin.png */; };
		F4E6D6B813543CFD00E8F15E /* subtitle_large.png in Resources */ = {isa = PBXBuildFile; fileRef = F4E6D6B613543CFD00E8F15E /* subtitle_large.png */; };
		F4E6D6B913543CFD00E8F15E /* title_large.png in Resources */ = {isa = PBXBuildFile; fileRef = F4E6D6B713543CFD00E8F15E /* title_large.png */; };
		F4ECB5B0135732B9009CD828 /* background.png in Resources */ = {isa = PBXBuildFile; fileRef = F4ECB5AD135732B9009CD828 /* background.png */; };
		F4ECB5B1135732B9009CD828 /* banner.png in Resources */ = {isa = PBXBuildFile; fileRef = F4ECB5AE135732B9009CD828 /* banner.png */; };
		F4ECB5B2135732B9009CD828 /* widget_large.png in Resources */ = {isa = PBXBuildFile; fileRef = F4ECB5AF135732B9009CD828 /* widget_large.png */; };
		F4ECB5B6135827AC009CD828 /* WidgetSm.m in Sources */ = {isa = PBXBuildFile; fileRef = F4ECB5B4135827AC009CD828 /* WidgetSm.m */; };
		F4ECB5B7135827AC009CD828 /* WidgetSm.xib in Resources */ = {isa = PBXBuildFile; fileRef = F4ECB5B5135827AC009CD828 /* WidgetSm.xib */; };
		F4ECB5B9135827D1009CD828 /* widget_small.png in Resources */ = {isa = PBXBuildFile; fileRef = F4ECB5B8135827D1009CD828 /* widget_small.png */; };
/* End PBXBuildFile section */

/* Begin PBXContainerItemProxy section */
		F48B4D3B134E063F007B0100 /* PBXContainerItemProxy */ = {
			isa = PBXContainerItemProxy;
			containerPortal = F48B4D01134E063E007B0100 /* Project object */;
			proxyType = 1;
			remoteGlobalIDString = F48B4D09134E063F007B0100;
			remoteInfo = SplitViewTest1;
		};
/* End PBXContainerItemProxy section */

/* Begin PBXFileReference section */
		197D02E91369DC800082C1EC /* WebRequest.h */ = {isa = PBXFileReference; fileEncoding = 4; lastKnownFileType = sourcecode.c.h; name = WebRequest.h; path = ../../Quotes/Quotes/WebRequest.h; sourceTree = "<group>"; };
		197D02EA1369DC800082C1EC /* WebRequest.m */ = {isa = PBXFileReference; fileEncoding = 4; lastKnownFileType = sourcecode.c.objc; name = WebRequest.m; path = ../../Quotes/Quotes/WebRequest.m; sourceTree = "<group>"; };
		19B51B30135C81670015FB5A /* green_up.png */ = {isa = PBXFileReference; lastKnownFileType = image.png; name = green_up.png; path = images/green_up.png; sourceTree = "<group>"; };
		19B51B31135C81670015FB5A /* red_down.png */ = {isa = PBXFileReference; lastKnownFileType = image.png; name = red_down.png; path = images/red_down.png; sourceTree = "<group>"; };
		19B51B34135C81840015FB5A /* JSONKit.h */ = {isa = PBXFileReference; fileEncoding = 4; lastKnownFileType = sourcecode.c.h; name = JSONKit.h; path = Quotes/JSONKit.h; sourceTree = "<group>"; };
		19B51B35135C81840015FB5A /* JSONKit.m */ = {isa = PBXFileReference; fileEncoding = 4; lastKnownFileType = sourcecode.c.objc; name = JSONKit.m; path = Quotes/JSONKit.m; sourceTree = "<group>"; };
		19B51B36135C81840015FB5A /* QuotesTableCell.h */ = {isa = PBXFileReference; fileEncoding = 4; lastKnownFileType = sourcecode.c.h; name = QuotesTableCell.h; path = Quotes/QuotesTableCell.h; sourceTree = "<group>"; };
		19B51B37135C81840015FB5A /* QuotesTableCell.m */ = {isa = PBXFileReference; fileEncoding = 4; lastKnownFileType = sourcecode.c.objc; name = QuotesTableCell.m; path = Quotes/QuotesTableCell.m; sourceTree = "<group>"; };
		19B51B38135C81840015FB5A /* QuotesTableCell.xib */ = {isa = PBXFileReference; fileEncoding = 4; lastKnownFileType = file.xib; name = QuotesTableCell.xib; path = Quotes/QuotesTableCell.xib; sourceTree = "<group>"; };
		19B51B39135C81840015FB5A /* QuotesTableDelegate.h */ = {isa = PBXFileReference; fileEncoding = 4; lastKnownFileType = sourcecode.c.h; name = QuotesTableDelegate.h; path = Quotes/QuotesTableDelegate.h; sourceTree = "<group>"; };
		19B51B3A135C81840015FB5A /* QuotesTableDelegate.m */ = {isa = PBXFileReference; fileEncoding = 4; lastKnownFileType = sourcecode.c.objc; name = QuotesTableDelegate.m; path = Quotes/QuotesTableDelegate.m; sourceTree = "<group>"; };
		19B51B3B135C81840015FB5A /* QuotesViewController.h */ = {isa = PBXFileReference; fileEncoding = 4; lastKnownFileType = sourcecode.c.h; name = QuotesViewController.h; path = Quotes/QuotesViewController.h; sourceTree = "<group>"; };
		19B51B3C135C81840015FB5A /* QuotesViewController.m */ = {isa = PBXFileReference; fileEncoding = 4; lastKnownFileType = sourcecode.c.objc; name = QuotesViewController.m; path = Quotes/QuotesViewController.m; sourceTree = "<group>"; };
		19B51B42135C823A0015FB5A /* QuotesViewController.xib */ = {isa = PBXFileReference; fileEncoding = 4; lastKnownFileType = file.xib; name = QuotesViewController.xib; path = Quotes/QuotesViewController.xib; sourceTree = "<group>"; };
		F404C872134F4FF0006EAA18 /* WidgetLg.h */ = {isa = PBXFileReference; fileEncoding = 4; lastKnownFileType = sourcecode.c.h; path = WidgetLg.h; sourceTree = "<group>"; };
		F404C873134F4FF0006EAA18 /* WidgetLg.m */ = {isa = PBXFileReference; fileEncoding = 4; lastKnownFileType = sourcecode.c.objc; path = WidgetLg.m; sourceTree = "<group>"; };
		F404C874134F4FF0006EAA18 /* WidgetLg.xib */ = {isa = PBXFileReference; fileEncoding = 4; lastKnownFileType = file.xib; path = WidgetLg.xib; sourceTree = "<group>"; };
		F42470521364941300660869 /* full_screen.png */ = {isa = PBXFileReference; lastKnownFileType = image.png; name = full_screen.png; path = images/full_screen.png; sourceTree = "<group>"; };
		F42470531364941300660869 /* restore.png */ = {isa = PBXFileReference; lastKnownFileType = image.png; name = restore.png; path = images/restore.png; sourceTree = "<group>"; };
		F424705F1369259100660869 /* widget_title.png */ = {isa = PBXFileReference; lastKnownFileType = image.png; name = widget_title.png; path = images/widget_title.png; sourceTree = "<group>"; };
		F42470601369259200660869 /* widget_topleft.png */ = {isa = PBXFileReference; lastKnownFileType = image.png; name = widget_topleft.png; path = images/widget_topleft.png; sourceTree = "<group>"; };
		F42470611369259200660869 /* widget_topright.png */ = {isa = PBXFileReference; lastKnownFileType = image.png; name = widget_topright.png; path = images/widget_topright.png; sourceTree = "<group>"; };
		F42470651369259E00660869 /* widget_large_body.png */ = {isa = PBXFileReference; lastKnownFileType = image.png; name = widget_large_body.png; path = images/widget_large_body.png; sourceTree = "<group>"; };
		F424706713692AC100660869 /* VideoWidget.h */ = {isa = PBXFileReference; fileEncoding = 4; lastKnownFileType = sourcecode.c.h; path = VideoWidget.h; sourceTree = "<group>"; };
		F424706813692AC100660869 /* VideoWidget.m */ = {isa = PBXFileReference; fileEncoding = 4; lastKnownFileType = sourcecode.c.objc; path = VideoWidget.m; sourceTree = "<group>"; };
		F424706913692AC100660869 /* VideoWidget.xib */ = {isa = PBXFileReference; fileEncoding = 4; lastKnownFileType = file.xib; path = VideoWidget.xib; sourceTree = "<group>"; };
		F424706C1369305D00660869 /* MediaPlayer.framework */ = {isa = PBXFileReference; lastKnownFileType = wrapper.framework; name = MediaPlayer.framework; path = System/Library/Frameworks/MediaPlayer.framework; sourceTree = SDKROOT; };
		F424706E1369328B00660869 /* MediaPlayer.framework */ = {isa = PBXFileReference; lastKnownFileType = wrapper.framework; name = MediaPlayer.framework; path = System/Library/Frameworks/MediaPlayer.framework; sourceTree = SDKROOT; };
		F42470701369810200660869 /* widgetlg_bottom_left.png */ = {isa = PBXFileReference; lastKnownFileType = image.png; name = widgetlg_bottom_left.png; path = images/widgetlg_bottom_left.png; sourceTree = "<group>"; };
		F42470711369810300660869 /* widgetlg_bottom_right.png */ = {isa = PBXFileReference; lastKnownFileType = image.png; name = widgetlg_bottom_right.png; path = images/widgetlg_bottom_right.png; sourceTree = "<group>"; };
		F42470721369810400660869 /* widgetlg_shadow_bottom.png */ = {isa = PBXFileReference; lastKnownFileType = image.png; name = widgetlg_shadow_bottom.png; path = images/widgetlg_shadow_bottom.png; sourceTree = "<group>"; };
		F42470731369810600660869 /* widgetlg_shadow_left.png */ = {isa = PBXFileReference; lastKnownFileType = image.png; name = widgetlg_shadow_left.png; path = images/widgetlg_shadow_left.png; sourceTree = "<group>"; };
		F42470741369810A00660869 /* widgetlg_shadow_top.png */ = {isa = PBXFileReference; lastKnownFileType = image.png; name = widgetlg_shadow_top.png; path = images/widgetlg_shadow_top.png; sourceTree = "<group>"; };
		F42470751369810D00660869 /* widgetlg_top_left.png */ = {isa = PBXFileReference; lastKnownFileType = image.png; name = widgetlg_top_left.png; path = images/widgetlg_top_left.png; sourceTree = "<group>"; };
		F42470761369811300660869 /* widgetlg_top_right.png */ = {isa = PBXFileReference; lastKnownFileType = image.png; name = widgetlg_top_right.png; path = images/widgetlg_top_right.png; sourceTree = "<group>"; };
		F424C403135C1BDD00EF228D /* UIViewScrollContainer.h */ = {isa = PBXFileReference; fileEncoding = 4; lastKnownFileType = sourcecode.c.h; path = UIViewScrollContainer.h; sourceTree = "<group>"; };
		F424C404135C1BDE00EF228D /* UIViewScrollContainer.m */ = {isa = PBXFileReference; fileEncoding = 4; lastKnownFileType = sourcecode.c.objc; path = UIViewScrollContainer.m; sourceTree = "<group>"; };
		F43DD7301358CC7100F92AD9 /* StocksWidget.h */ = {isa = PBXFileReference; fileEncoding = 4; lastKnownFileType = sourcecode.c.h; path = StocksWidget.h; sourceTree = "<group>"; };
		F43DD7311358CC7100F92AD9 /* StocksWidget.m */ = {isa = PBXFileReference; fileEncoding = 4; lastKnownFileType = sourcecode.c.objc; path = StocksWidget.m; sourceTree = "<group>"; };
		F43DD7321358CC7100F92AD9 /* StocksWidget.xib */ = {isa = PBXFileReference; fileEncoding = 4; lastKnownFileType = file.xib; path = StocksWidget.xib; sourceTree = "<group>"; };
		F43DD7361358D09100F92AD9 /* WidgetConfig.h */ = {isa = PBXFileReference; fileEncoding = 4; lastKnownFileType = sourcecode.c.h; path = WidgetConfig.h; sourceTree = "<group>"; };
		F43DD7371358D09100F92AD9 /* WidgetConfig.m */ = {isa = PBXFileReference; fileEncoding = 4; lastKnownFileType = sourcecode.c.objc; path = WidgetConfig.m; sourceTree = "<group>"; };
		F43DD7391358D17B00F92AD9 /* AppConfig.h */ = {isa = PBXFileReference; fileEncoding = 4; lastKnownFileType = sourcecode.c.h; path = AppConfig.h; sourceTree = "<group>"; };
		F43DD73A1358D17B00F92AD9 /* AppConfig.m */ = {isa = PBXFileReference; fileEncoding = 4; lastKnownFileType = sourcecode.c.objc; path = AppConfig.m; sourceTree = "<group>"; };
		F43DD7451359DCEC00F92AD9 /* ScrollViewConfig.h */ = {isa = PBXFileReference; fileEncoding = 4; lastKnownFileType = sourcecode.c.h; path = ScrollViewConfig.h; sourceTree = "<group>"; };
		F43DD7461359DCEC00F92AD9 /* ScrollViewConfig.m */ = {isa = PBXFileReference; fileEncoding = 4; lastKnownFileType = sourcecode.c.objc; path = ScrollViewConfig.m; sourceTree = "<group>"; };
		F43DD750135AB2C600F92AD9 /* Widget.h */ = {isa = PBXFileReference; fileEncoding = 4; lastKnownFileType = sourcecode.c.h; path = Widget.h; sourceTree = "<group>"; };
		F43DD751135AB2C600F92AD9 /* Widget.m */ = {isa = PBXFileReference; fileEncoding = 4; lastKnownFileType = sourcecode.c.objc; path = Widget.m; sourceTree = "<group>"; };
		F43DD754135B691A00F92AD9 /* NewsAndAnalysisWidget.h */ = {isa = PBXFileReference; fileEncoding = 4; lastKnownFileType = sourcecode.c.h; path = NewsAndAnalysisWidget.h; sourceTree = "<group>"; };
		F43DD755135B691A00F92AD9 /* NewsAndAnalysisWidget.m */ = {isa = PBXFileReference; fileEncoding = 4; lastKnownFileType = sourcecode.c.objc; path = NewsAndAnalysisWidget.m; sourceTree = "<group>"; };
		F43DD756135B691A00F92AD9 /* NewsAndAnalysisWidget.xib */ = {isa = PBXFileReference; fileEncoding = 4; lastKnownFileType = file.xib; path = NewsAndAnalysisWidget.xib; sourceTree = "<group>"; };
		F43DD759135B6A5900F92AD9 /* stockquotes.png */ = {isa = PBXFileReference; lastKnownFileType = image.png; name = stockquotes.png; path = images/stockquotes.png; sourceTree = "<group>"; };
		F4825F711356321000837AE2 /* widget_body.png */ = {isa = PBXFileReference; lastKnownFileType = image.png; path = widget_body.png; sourceTree = "<group>"; };
		F485BE20134E4C9200B344D9 /* ScrollManager.h */ = {isa = PBXFileReference; fileEncoding = 4; lastKnownFileType = sourcecode.c.h; path = ScrollManager.h; sourceTree = "<group>"; };
		F485BE21134E4C9200B344D9 /* ScrollManager.m */ = {isa = PBXFileReference; fileEncoding = 4; lastKnownFileType = sourcecode.c.objc; path = ScrollManager.m; sourceTree = "<group>"; };
		F48B4D0A134E063F007B0100 /* EEIPad.app */ = {isa = PBXFileReference; explicitFileType = wrapper.application; includeInIndex = 0; path = EEIPad.app; sourceTree = BUILT_PRODUCTS_DIR; };
		F48B4D0E134E063F007B0100 /* UIKit.framework */ = {isa = PBXFileReference; lastKnownFileType = wrapper.framework; name = UIKit.framework; path = System/Library/Frameworks/UIKit.framework; sourceTree = SDKROOT; };
		F48B4D10134E063F007B0100 /* Foundation.framework */ = {isa = PBXFileReference; lastKnownFileType = wrapper.framework; name = Foundation.framework; path = System/Library/Frameworks/Foundation.framework; sourceTree = SDKROOT; };
		F48B4D12134E063F007B0100 /* CoreGraphics.framework */ = {isa = PBXFileReference; lastKnownFileType = wrapper.framework; name = CoreGraphics.framework; path = System/Library/Frameworks/CoreGraphics.framework; sourceTree = SDKROOT; };
		F48B4D14134E063F007B0100 /* CoreData.framework */ = {isa = PBXFileReference; lastKnownFileType = wrapper.framework; name = CoreData.framework; path = System/Library/Frameworks/CoreData.framework; sourceTree = SDKROOT; };
		F48B4D18134E063F007B0100 /* EEIPad-Info.plist */ = {isa = PBXFileReference; lastKnownFileType = text.plist.xml; path = "EEIPad-Info.plist"; sourceTree = "<group>"; };
		F48B4D1A134E063F007B0100 /* en */ = {isa = PBXFileReference; lastKnownFileType = text.plist.strings; name = en; path = en.lproj/InfoPlist.strings; sourceTree = "<group>"; };
		F48B4D1C134E063F007B0100 /* EEIPad-Prefix.pch */ = {isa = PBXFileReference; lastKnownFileType = sourcecode.c.h; path = "EEIPad-Prefix.pch"; sourceTree = "<group>"; };
		F48B4D1D134E063F007B0100 /* main.m */ = {isa = PBXFileReference; lastKnownFileType = sourcecode.c.objc; path = main.m; sourceTree = "<group>"; };
		F48B4D1F134E063F007B0100 /* EEIAppDelegate.h */ = {isa = PBXFileReference; lastKnownFileType = sourcecode.c.h; path = EEIAppDelegate.h; sourceTree = "<group>"; };
		F48B4D20134E063F007B0100 /* EEIAppDelegate.m */ = {isa = PBXFileReference; lastKnownFileType = sourcecode.c.objc; path = EEIAppDelegate.m; sourceTree = "<group>"; };
		F48B4D23134E063F007B0100 /* SplitViewTest1.xcdatamodel */ = {isa = PBXFileReference; lastKnownFileType = wrapper.xcdatamodel; path = SplitViewTest1.xcdatamodel; sourceTree = "<group>"; };
		F48B4D26134E063F007B0100 /* en */ = {isa = PBXFileReference; lastKnownFileType = file.xib; name = en; path = en.lproj/MainWindow.xib; sourceTree = "<group>"; };
		F48B4D28134E063F007B0100 /* DetailViewController.h */ = {isa = PBXFileReference; lastKnownFileType = sourcecode.c.h; path = DetailViewController.h; sourceTree = "<group>"; };
		F48B4D29134E063F007B0100 /* DetailViewController.m */ = {isa = PBXFileReference; lastKnownFileType = sourcecode.c.objc; path = DetailViewController.m; sourceTree = "<group>"; };
		F48B4D2C134E063F007B0100 /* en */ = {isa = PBXFileReference; lastKnownFileType = file.xib; name = en; path = en.lproj/DetailView.xib; sourceTree = "<group>"; };
		F48B4D36134E063F007B0100 /* EEIPadTests.octest */ = {isa = PBXFileReference; explicitFileType = wrapper.cfbundle; includeInIndex = 0; path = EEIPadTests.octest; sourceTree = BUILT_PRODUCTS_DIR; };
		F48B4D3F134E063F007B0100 /* EEIPadTests-Info.plist */ = {isa = PBXFileReference; lastKnownFileType = text.plist.xml; path = "EEIPadTests-Info.plist"; sourceTree = "<group>"; };
		F48B4D41134E063F007B0100 /* en */ = {isa = PBXFileReference; lastKnownFileType = text.plist.strings; name = en; path = en.lproj/InfoPlist.strings; sourceTree = "<group>"; };
		F48B4D43134E063F007B0100 /* EEIPadTests-Prefix.pch */ = {isa = PBXFileReference; lastKnownFileType = sourcecode.c.h; path = "EEIPadTests-Prefix.pch"; sourceTree = "<group>"; };
		F48B4D44134E063F007B0100 /* EEIPadTests.h */ = {isa = PBXFileReference; lastKnownFileType = sourcecode.c.h; path = EEIPadTests.h; sourceTree = "<group>"; };
		F48B4D46134E063F007B0100 /* EEIPadTests.m */ = {isa = PBXFileReference; lastKnownFileType = sourcecode.c.objc; path = EEIPadTests.m; sourceTree = "<group>"; };
		F4AF48BF1369845D00CA9EBB /* widgetlg_shadow_right.png */ = {isa = PBXFileReference; lastKnownFileType = image.png; name = widgetlg_shadow_right.png; path = images/widgetlg_shadow_right.png; sourceTree = "<group>"; };
		F4C2C65B13699BB300C40D21 /* widgetlg_bottom_pattern.png */ = {isa = PBXFileReference; lastKnownFileType = image.png; name = widgetlg_bottom_pattern.png; path = images/widgetlg_bottom_pattern.png; sourceTree = "<group>"; };
		F4C2C65E13699BBF00C40D21 /* widgetlg_top_pattern.png */ = {isa = PBXFileReference; lastKnownFileType = image.png; name = widgetlg_top_pattern.png; path = images/widgetlg_top_pattern.png; sourceTree = "<group>"; };
		F4E6D6B313543CEF00E8F15E /* btn_zoomin.png */ = {isa = PBXFileReference; lastKnownFileType = image.png; path = btn_zoomin.png; sourceTree = "<group>"; };
		F4E6D6B613543CFD00E8F15E /* subtitle_large.png */ = {isa = PBXFileReference; lastKnownFileType = image.png; path = subtitle_large.png; sourceTree = "<group>"; };
		F4E6D6B713543CFD00E8F15E /* title_large.png */ = {isa = PBXFileReference; lastKnownFileType = image.png; path = title_large.png; sourceTree = "<group>"; };
		F4ECB5AD135732B9009CD828 /* background.png */ = {isa = PBXFileReference; lastKnownFileType = image.png; name = background.png; path = images/background.png; sourceTree = "<group>"; };
		F4ECB5AE135732B9009CD828 /* banner.png */ = {isa = PBXFileReference; lastKnownFileType = image.png; name = banner.png; path = images/banner.png; sourceTree = "<group>"; };
		F4ECB5AF135732B9009CD828 /* widget_large.png */ = {isa = PBXFileReference; lastKnownFileType = image.png; name = widget_large.png; path = images/widget_large.png; sourceTree = "<group>"; };
		F4ECB5B3135827AC009CD828 /* WidgetSm.h */ = {isa = PBXFileReference; fileEncoding = 4; lastKnownFileType = sourcecode.c.h; path = WidgetSm.h; sourceTree = "<group>"; };
		F4ECB5B4135827AC009CD828 /* WidgetSm.m */ = {isa = PBXFileReference; fileEncoding = 4; lastKnownFileType = sourcecode.c.objc; path = WidgetSm.m; sourceTree = "<group>"; };
		F4ECB5B5135827AC009CD828 /* WidgetSm.xib */ = {isa = PBXFileReference; fileEncoding = 4; lastKnownFileType = file.xib; path = WidgetSm.xib; sourceTree = "<group>"; };
		F4ECB5B8135827D1009CD828 /* widget_small.png */ = {isa = PBXFileReference; lastKnownFileType = image.png; name = widget_small.png; path = images/widget_small.png; sourceTree = "<group>"; };
/* End PBXFileReference section */

/* Begin PBXFrameworksBuildPhase section */
		F48B4D07134E063F007B0100 /* Frameworks */ = {
			isa = PBXFrameworksBuildPhase;
			buildActionMask = 2147483647;
			files = (
				F424706D1369305E00660869 /* MediaPlayer.framework in Frameworks */,
				F48B4D0F134E063F007B0100 /* UIKit.framework in Frameworks */,
				F48B4D11134E063F007B0100 /* Foundation.framework in Frameworks */,
				F48B4D13134E063F007B0100 /* CoreGraphics.framework in Frameworks */,
				F48B4D15134E063F007B0100 /* CoreData.framework in Frameworks */,
				F424706F1369328B00660869 /* MediaPlayer.framework in Frameworks */,
			);
			runOnlyForDeploymentPostprocessing = 0;
		};
		F48B4D32134E063F007B0100 /* Frameworks */ = {
			isa = PBXFrameworksBuildPhase;
			buildActionMask = 2147483647;
			files = (
				F48B4D37134E063F007B0100 /* UIKit.framework in Frameworks */,
				F48B4D38134E063F007B0100 /* Foundation.framework in Frameworks */,
				F48B4D39134E063F007B0100 /* CoreGraphics.framework in Frameworks */,
				F48B4D3A134E063F007B0100 /* CoreData.framework in Frameworks */,
			);
			runOnlyForDeploymentPostprocessing = 0;
		};
/* End PBXFrameworksBuildPhase section */

/* Begin PBXGroup section */
		197D02EC1369DEEF0082C1EC /* Utils */ = {
			isa = PBXGroup;
			children = (
				197D02EA1369DC800082C1EC /* WebRequest.m */,
				197D02E91369DC800082C1EC /* WebRequest.h */,
			);
			name = Utils;
			sourceTree = "<group>";
		};
		19B51B2E135C80D70015FB5A /* Quotes */ = {
			isa = PBXGroup;
			children = (
				19B51B42135C823A0015FB5A /* QuotesViewController.xib */,
				19B51B34135C81840015FB5A /* JSONKit.h */,
				19B51B35135C81840015FB5A /* JSONKit.m */,
				19B51B36135C81840015FB5A /* QuotesTableCell.h */,
				19B51B37135C81840015FB5A /* QuotesTableCell.m */,
				19B51B38135C81840015FB5A /* QuotesTableCell.xib */,
				19B51B39135C81840015FB5A /* QuotesTableDelegate.h */,
				19B51B3A135C81840015FB5A /* QuotesTableDelegate.m */,
				19B51B3B135C81840015FB5A /* QuotesViewController.h */,
				19B51B3C135C81840015FB5A /* QuotesViewController.m */,
			);
			name = Quotes;
			sourceTree = "<group>";
		};
		F43DD72D1358CB8A00F92AD9 /* Widgets */ = {
			isa = PBXGroup;
			children = (
				F43DD753135B68E700F92AD9 /* LargeWidgets */,
				F43DD72F1358CBDC00F92AD9 /* SmallWidgets */,
				F404C872134F4FF0006EAA18 /* WidgetLg.h */,
				F404C873134F4FF0006EAA18 /* WidgetLg.m */,
				F404C874134F4FF0006EAA18 /* WidgetLg.xib */,
				F4ECB5B3135827AC009CD828 /* WidgetSm.h */,
				F4ECB5B4135827AC009CD828 /* WidgetSm.m */,
				F4ECB5B5135827AC009CD828 /* WidgetSm.xib */,
				F43DD750135AB2C600F92AD9 /* Widget.h */,
				F43DD751135AB2C600F92AD9 /* Widget.m */,
			);
			name = Widgets;
			sourceTree = "<group>";
		};
		F43DD72F1358CBDC00F92AD9 /* SmallWidgets */ = {
			isa = PBXGroup;
			children = (
				19B51B2E135C80D70015FB5A /* Quotes */,
				F43DD7301358CC7100F92AD9 /* StocksWidget.h */,
				F43DD7311358CC7100F92AD9 /* StocksWidget.m */,
				F43DD7321358CC7100F92AD9 /* StocksWidget.xib */,
				F424706713692AC100660869 /* VideoWidget.h */,
				F424706813692AC100660869 /* VideoWidget.m */,
				F424706913692AC100660869 /* VideoWidget.xib */,
			);
			name = SmallWidgets;
			sourceTree = "<group>";
		};
		F43DD7351358D02900F92AD9 /* Configuration */ = {
			isa = PBXGroup;
			children = (
				F43DD7361358D09100F92AD9 /* WidgetConfig.h */,
				F43DD7371358D09100F92AD9 /* WidgetConfig.m */,
				F43DD7391358D17B00F92AD9 /* AppConfig.h */,
				F43DD73A1358D17B00F92AD9 /* AppConfig.m */,
				F43DD7451359DCEC00F92AD9 /* ScrollViewConfig.h */,
				F43DD7461359DCEC00F92AD9 /* ScrollViewConfig.m */,
			);
			name = Configuration;
			sourceTree = "<group>";
		};
		F43DD753135B68E700F92AD9 /* LargeWidgets */ = {
			isa = PBXGroup;
			children = (
				F43DD754135B691A00F92AD9 /* NewsAndAnalysisWidget.h */,
				F43DD755135B691A00F92AD9 /* NewsAndAnalysisWidget.m */,
				F43DD756135B691A00F92AD9 /* NewsAndAnalysisWidget.xib */,
			);
			name = LargeWidgets;
			sourceTree = "<group>";
		};
		F4825F6F13562E8300837AE2 /* Images */ = {
			isa = PBXGroup;
			children = (
				F4C2C65E13699BBF00C40D21 /* widgetlg_top_pattern.png */,
				F4C2C65B13699BB300C40D21 /* widgetlg_bottom_pattern.png */,
				F4AF48BF1369845D00CA9EBB /* widgetlg_shadow_right.png */,
				F42470701369810200660869 /* widgetlg_bottom_left.png */,
				F42470711369810300660869 /* widgetlg_bottom_right.png */,
				F42470721369810400660869 /* widgetlg_shadow_bottom.png */,
				F42470731369810600660869 /* widgetlg_shadow_left.png */,
				F42470741369810A00660869 /* widgetlg_shadow_top.png */,
				F42470751369810D00660869 /* widgetlg_top_left.png */,
				F42470761369811300660869 /* widgetlg_top_right.png */,
				F42470651369259E00660869 /* widget_large_body.png */,
				F424705F1369259100660869 /* widget_title.png */,
				F42470601369259200660869 /* widget_topleft.png */,
				F42470611369259200660869 /* widget_topright.png */,
				F42470521364941300660869 /* full_screen.png */,
				F42470531364941300660869 /* restore.png */,
				19B51B30135C81670015FB5A /* green_up.png */,
				19B51B31135C81670015FB5A /* red_down.png */,
				F43DD759135B6A5900F92AD9 /* stockquotes.png */,
				F4825F711356321000837AE2 /* widget_body.png */,
				F4ECB5B8135827D1009CD828 /* widget_small.png */,
				F4ECB5AD135732B9009CD828 /* background.png */,
				F4ECB5AE135732B9009CD828 /* banner.png */,
				F4ECB5AF135732B9009CD828 /* widget_large.png */,
			);
			name = Images;
			sourceTree = "<group>";
		};
		F48B4CFF134E063E007B0100 = {
			isa = PBXGroup;
			children = (
				F424706C1369305D00660869 /* MediaPlayer.framework */,
				F424C403135C1BDD00EF228D /* UIViewScrollContainer.h */,
				F424C404135C1BDE00EF228D /* UIViewScrollContainer.m */,
				F48B4D16134E063F007B0100 /* EEIPad */,
				F48B4D3D134E063F007B0100 /* EEIPadTests */,
				F48B4D0D134E063F007B0100 /* Frameworks */,
				F48B4D0B134E063F007B0100 /* Products */,
			);
			sourceTree = "<group>";
		};
		F48B4D0B134E063F007B0100 /* Products */ = {
			isa = PBXGroup;
			children = (
				F48B4D0A134E063F007B0100 /* EEIPad.app */,
				F48B4D36134E063F007B0100 /* EEIPadTests.octest */,
			);
			name = Products;
			sourceTree = "<group>";
		};
		F48B4D0D134E063F007B0100 /* Frameworks */ = {
			isa = PBXGroup;
			children = (
				F424706E1369328B00660869 /* MediaPlayer.framework */,
				F48B4D0E134E063F007B0100 /* UIKit.framework */,
				F48B4D10134E063F007B0100 /* Foundation.framework */,
				F48B4D12134E063F007B0100 /* CoreGraphics.framework */,
				F48B4D14134E063F007B0100 /* CoreData.framework */,
			);
			name = Frameworks;
			sourceTree = "<group>";
		};
		F48B4D16134E063F007B0100 /* EEIPad */ = {
			isa = PBXGroup;
			children = (
				197D02EC1369DEEF0082C1EC /* Utils */,
				F43DD7351358D02900F92AD9 /* Configuration */,
				F43DD72D1358CB8A00F92AD9 /* Widgets */,
				F4825F6F13562E8300837AE2 /* Images */,
				F4E6D6B613543CFD00E8F15E /* subtitle_large.png */,
				F4E6D6B713543CFD00E8F15E /* title_large.png */,
				F4E6D6B313543CEF00E8F15E /* btn_zoomin.png */,
				F48B4D1F134E063F007B0100 /* EEIAppDelegate.h */,
				F48B4D20134E063F007B0100 /* EEIAppDelegate.m */,
				F48B4D25134E063F007B0100 /* MainWindow.xib */,
				F48B4D28134E063F007B0100 /* DetailViewController.h */,
				F48B4D29134E063F007B0100 /* DetailViewController.m */,
				F48B4D2B134E063F007B0100 /* DetailView.xib */,
				F48B4D22134E063F007B0100 /* EEIPad.xcdatamodeld */,
				F48B4D17134E063F007B0100 /* Supporting Files */,
				F485BE20134E4C9200B344D9 /* ScrollManager.h */,
				F485BE21134E4C9200B344D9 /* ScrollManager.m */,
			);
			path = EEIPad;
			sourceTree = "<group>";
		};
		F48B4D17134E063F007B0100 /* Supporting Files */ = {
			isa = PBXGroup;
			children = (
				F48B4D18134E063F007B0100 /* EEIPad-Info.plist */,
				F48B4D19134E063F007B0100 /* InfoPlist.strings */,
				F48B4D1C134E063F007B0100 /* EEIPad-Prefix.pch */,
				F48B4D1D134E063F007B0100 /* main.m */,
			);
			name = "Supporting Files";
			sourceTree = "<group>";
		};
		F48B4D3D134E063F007B0100 /* EEIPadTests */ = {
			isa = PBXGroup;
			children = (
				F48B4D44134E063F007B0100 /* EEIPadTests.h */,
				F48B4D46134E063F007B0100 /* EEIPadTests.m */,
				F48B4D3E134E063F007B0100 /* Supporting Files */,
			);
			path = EEIPadTests;
			sourceTree = "<group>";
		};
		F48B4D3E134E063F007B0100 /* Supporting Files */ = {
			isa = PBXGroup;
			children = (
				F48B4D3F134E063F007B0100 /* EEIPadTests-Info.plist */,
				F48B4D40134E063F007B0100 /* InfoPlist.strings */,
				F48B4D43134E063F007B0100 /* EEIPadTests-Prefix.pch */,
			);
			name = "Supporting Files";
			sourceTree = "<group>";
		};
/* End PBXGroup section */

/* Begin PBXNativeTarget section */
		F48B4D09134E063F007B0100 /* EEIPad */ = {
			isa = PBXNativeTarget;
			buildConfigurationList = F48B4D4A134E063F007B0100 /* Build configuration list for PBXNativeTarget "EEIPad" */;
			buildPhases = (
				F48B4D06134E063F007B0100 /* Sources */,
				F48B4D07134E063F007B0100 /* Frameworks */,
				F48B4D08134E063F007B0100 /* Resources */,
			);
			buildRules = (
			);
			dependencies = (
			);
			name = EEIPad;
			productName = SplitViewTest1;
			productReference = F48B4D0A134E063F007B0100 /* EEIPad.app */;
			productType = "com.apple.product-type.application";
		};
		F48B4D35134E063F007B0100 /* EEIPadTests */ = {
			isa = PBXNativeTarget;
			buildConfigurationList = F48B4D4D134E063F007B0100 /* Build configuration list for PBXNativeTarget "EEIPadTests" */;
			buildPhases = (
				F48B4D31134E063F007B0100 /* Sources */,
				F48B4D32134E063F007B0100 /* Frameworks */,
				F48B4D33134E063F007B0100 /* Resources */,
				F48B4D34134E063F007B0100 /* ShellScript */,
			);
			buildRules = (
			);
			dependencies = (
				F48B4D3C134E063F007B0100 /* PBXTargetDependency */,
			);
			name = EEIPadTests;
			productName = SplitViewTest1Tests;
			productReference = F48B4D36134E063F007B0100 /* EEIPadTests.octest */;
			productType = "com.apple.product-type.bundle";
		};
/* End PBXNativeTarget section */

/* Begin PBXProject section */
		F48B4D01134E063E007B0100 /* Project object */ = {
			isa = PBXProject;
			buildConfigurationList = F48B4D04134E063E007B0100 /* Build configuration list for PBXProject "EEIPad" */;
			compatibilityVersion = "Xcode 3.2";
			developmentRegion = English;
			hasScannedForEncodings = 0;
			knownRegions = (
				en,
			);
			mainGroup = F48B4CFF134E063E007B0100;
			productRefGroup = F48B4D0B134E063F007B0100 /* Products */;
			projectDirPath = "";
			projectRoot = "";
			targets = (
				F48B4D09134E063F007B0100 /* EEIPad */,
				F48B4D35134E063F007B0100 /* EEIPadTests */,
			);
		};
/* End PBXProject section */

/* Begin PBXResourcesBuildPhase section */
		F48B4D08134E063F007B0100 /* Resources */ = {
			isa = PBXResourcesBuildPhase;
			buildActionMask = 2147483647;
			files = (
				F48B4D1B134E063F007B0100 /* InfoPlist.strings in Resources */,
				F48B4D27134E063F007B0100 /* MainWindow.xib in Resources */,
				F48B4D2D134E063F007B0100 /* DetailView.xib in Resources */,
				F404C876134F4FF0006EAA18 /* WidgetLg.xib in Resources */,
				F4E6D6B513543CEF00E8F15E /* btn_zoomin.png in Resources */,
				F4E6D6B813543CFD00E8F15E /* subtitle_large.png in Resources */,
				F4E6D6B913543CFD00E8F15E /* title_large.png in Resources */,
				F4825F721356321000837AE2 /* widget_body.png in Resources */,
				F4ECB5B0135732B9009CD828 /* background.png in Resources */,
				F4ECB5B1135732B9009CD828 /* banner.png in Resources */,
				F4ECB5B2135732B9009CD828 /* widget_large.png in Resources */,
				F4ECB5B7135827AC009CD828 /* WidgetSm.xib in Resources */,
				F4ECB5B9135827D1009CD828 /* widget_small.png in Resources */,
				F43DD7341358CC7100F92AD9 /* StocksWidget.xib in Resources */,
				F43DD758135B691A00F92AD9 /* NewsAndAnalysisWidget.xib in Resources */,
				F43DD75A135B6A5900F92AD9 /* stockquotes.png in Resources */,
				19B51B32135C81670015FB5A /* green_up.png in Resources */,
				19B51B33135C81670015FB5A /* red_down.png in Resources */,
				19B51B3F135C81840015FB5A /* QuotesTableCell.xib in Resources */,
				19B51B43135C823A0015FB5A /* QuotesViewController.xib in Resources */,
				F42470541364941300660869 /* full_screen.png in Resources */,
				F42470551364941300660869 /* restore.png in Resources */,
				F42470621369259200660869 /* widget_title.png in Resources */,
				F42470631369259200660869 /* widget_topleft.png in Resources */,
				F42470641369259200660869 /* widget_topright.png in Resources */,
				F42470661369259E00660869 /* widget_large_body.png in Resources */,
				F424706B13692AC100660869 /* VideoWidget.xib in Resources */,
				F42470771369811E00660869 /* widgetlg_bottom_left.png in Resources */,
				F42470781369811E00660869 /* widgetlg_bottom_right.png in Resources */,
				F42470791369811E00660869 /* widgetlg_shadow_bottom.png in Resources */,
				F424707A1369811E00660869 /* widgetlg_shadow_left.png in Resources */,
				F424707B1369811E00660869 /* widgetlg_shadow_top.png in Resources */,
				F424707C1369811E00660869 /* widgetlg_top_left.png in Resources */,
				F424707D1369811E00660869 /* widgetlg_top_right.png in Resources */,
				F4AF48C01369845D00CA9EBB /* widgetlg_shadow_right.png in Resources */,
				F4C2C65C13699BB300C40D21 /* widgetlg_bottom_pattern.png in Resources */,
				F4C2C65F13699BBF00C40D21 /* widgetlg_top_pattern.png in Resources */,
			);
			runOnlyForDeploymentPostprocessing = 0;
		};
		F48B4D33134E063F007B0100 /* Resources */ = {
			isa = PBXResourcesBuildPhase;
			buildActionMask = 2147483647;
			files = (
				F48B4D42134E063F007B0100 /* InfoPlist.strings in Resources */,
				F48B4D45134E063F007B0100 /* EEIPadTests.h in Resources */,
			);
			runOnlyForDeploymentPostprocessing = 0;
		};
/* End PBXResourcesBuildPhase section */

/* Begin PBXShellScriptBuildPhase section */
		F48B4D34134E063F007B0100 /* ShellScript */ = {
			isa = PBXShellScriptBuildPhase;
			buildActionMask = 2147483647;
			files = (
			);
			inputPaths = (
			);
			outputPaths = (
			);
			runOnlyForDeploymentPostprocessing = 0;
			shellPath = /bin/sh;
			shellScript = "# Run the unit tests in this test bundle.\n\"${SYSTEM_DEVELOPER_DIR}/Tools/RunUnitTests\"\n";
		};
/* End PBXShellScriptBuildPhase section */

/* Begin PBXSourcesBuildPhase section */
		F48B4D06134E063F007B0100 /* Sources */ = {
			isa = PBXSourcesBuildPhase;
			buildActionMask = 2147483647;
			files = (
				F48B4D1E134E063F007B0100 /* main.m in Sources */,
				F48B4D21134E063F007B0100 /* EEIAppDelegate.m in Sources */,
				F48B4D24134E063F007B0100 /* EEIPad.xcdatamodeld in Sources */,
				F48B4D2A134E063F007B0100 /* DetailViewController.m in Sources */,
				F485BE22134E4C9200B344D9 /* ScrollManager.m in Sources */,
				F404C875134F4FF0006EAA18 /* WidgetLg.m in Sources */,
				F4ECB5B6135827AC009CD828 /* WidgetSm.m in Sources */,
				F43DD7331358CC7100F92AD9 /* StocksWidget.m in Sources */,
				F43DD7381358D09100F92AD9 /* WidgetConfig.m in Sources */,
				F43DD73B1358D17B00F92AD9 /* AppConfig.m in Sources */,
				F43DD7471359DCEC00F92AD9 /* ScrollViewConfig.m in Sources */,
				F43DD752135AB2C700F92AD9 /* Widget.m in Sources */,
				F43DD757135B691A00F92AD9 /* NewsAndAnalysisWidget.m in Sources */,
				F424C405135C1BDE00EF228D /* UIViewScrollContainer.m in Sources */,
				19B51B3D135C81840015FB5A /* JSONKit.m in Sources */,
				19B51B3E135C81840015FB5A /* QuotesTableCell.m in Sources */,
				19B51B40135C81840015FB5A /* QuotesTableDelegate.m in Sources */,
				19B51B41135C81840015FB5A /* QuotesViewController.m in Sources */,
				F424706A13692AC100660869 /* VideoWidget.m in Sources */,
				197D02EB1369DC800082C1EC /* WebRequest.m in Sources */,
			);
			runOnlyForDeploymentPostprocessing = 0;
		};
		F48B4D31134E063F007B0100 /* Sources */ = {
			isa = PBXSourcesBuildPhase;
			buildActionMask = 2147483647;
			files = (
				F48B4D47134E063F007B0100 /* EEIPadTests.m in Sources */,
			);
			runOnlyForDeploymentPostprocessing = 0;
		};
/* End PBXSourcesBuildPhase section */

/* Begin PBXTargetDependency section */
		F48B4D3C134E063F007B0100 /* PBXTargetDependency */ = {
			isa = PBXTargetDependency;
			target = F48B4D09134E063F007B0100 /* EEIPad */;
			targetProxy = F48B4D3B134E063F007B0100 /* PBXContainerItemProxy */;
		};
/* End PBXTargetDependency section */

/* Begin PBXVariantGroup section */
		F48B4D19134E063F007B0100 /* InfoPlist.strings */ = {
			isa = PBXVariantGroup;
			children = (
				F48B4D1A134E063F007B0100 /* en */,
			);
			name = InfoPlist.strings;
			sourceTree = "<group>";
		};
		F48B4D25134E063F007B0100 /* MainWindow.xib */ = {
			isa = PBXVariantGroup;
			children = (
				F48B4D26134E063F007B0100 /* en */,
			);
			name = MainWindow.xib;
			sourceTree = "<group>";
		};
		F48B4D2B134E063F007B0100 /* DetailView.xib */ = {
			isa = PBXVariantGroup;
			children = (
				F48B4D2C134E063F007B0100 /* en */,
			);
			name = DetailView.xib;
			sourceTree = "<group>";
		};
		F48B4D40134E063F007B0100 /* InfoPlist.strings */ = {
			isa = PBXVariantGroup;
			children = (
				F48B4D41134E063F007B0100 /* en */,
			);
			name = InfoPlist.strings;
			sourceTree = "<group>";
		};
/* End PBXVariantGroup section */

/* Begin XCBuildConfiguration section */
		F48B4D48134E063F007B0100 /* Debug */ = {
			isa = XCBuildConfiguration;
			buildSettings = {
				ARCHS = "$(ARCHS_UNIVERSAL_IPHONE_OS)";
				"CODE_SIGN_IDENTITY[sdk=iphoneos*]" = "iPhone Developer";
				GCC_C_LANGUAGE_STANDARD = gnu99;
				GCC_OPTIMIZATION_LEVEL = 0;
				GCC_PREPROCESSOR_DEFINITIONS = DEBUG;
				GCC_SYMBOLS_PRIVATE_EXTERN = NO;
				GCC_VERSION = com.apple.compilers.llvmgcc42;
				GCC_WARN_ABOUT_RETURN_TYPE = YES;
				GCC_WARN_UNUSED_VARIABLE = YES;
				IPHONEOS_DEPLOYMENT_TARGET = 4.3;
				SDKROOT = iphoneos;
				TARGETED_DEVICE_FAMILY = 2;
			};
			name = Debug;
		};
		F48B4D49134E063F007B0100 /* Release */ = {
			isa = XCBuildConfiguration;
			buildSettings = {
				ARCHS = "$(ARCHS_UNIVERSAL_IPHONE_OS)";
				"CODE_SIGN_IDENTITY[sdk=iphoneos*]" = "iPhone Developer";
				GCC_C_LANGUAGE_STANDARD = gnu99;
				GCC_VERSION = com.apple.compilers.llvmgcc42;
				GCC_WARN_ABOUT_RETURN_TYPE = YES;
				GCC_WARN_UNUSED_VARIABLE = YES;
				IPHONEOS_DEPLOYMENT_TARGET = 4.3;
				OTHER_CFLAGS = "-DNS_BLOCK_ASSERTIONS=1";
				SDKROOT = iphoneos;
				TARGETED_DEVICE_FAMILY = 2;
			};
			name = Release;
		};
		F48B4D4B134E063F007B0100 /* Debug */ = {
			isa = XCBuildConfiguration;
			buildSettings = {
				ALWAYS_SEARCH_USER_PATHS = NO;
				COPY_PHASE_STRIP = NO;
				GCC_DYNAMIC_NO_PIC = NO;
				GCC_PRECOMPILE_PREFIX_HEADER = YES;
				GCC_PREFIX_HEADER = "EEIPad/EEIPad-Prefix.pch";
				INFOPLIST_FILE = "EEIPad/EEIPad-Info.plist";
				PRODUCT_NAME = EEIPad;
				WRAPPER_EXTENSION = app;
			};
			name = Debug;
		};
		F48B4D4C134E063F007B0100 /* Release */ = {
			isa = XCBuildConfiguration;
			buildSettings = {
				ALWAYS_SEARCH_USER_PATHS = NO;
				COPY_PHASE_STRIP = YES;
				GCC_PRECOMPILE_PREFIX_HEADER = YES;
				GCC_PREFIX_HEADER = "EEIPad/EEIPad-Prefix.pch";
				INFOPLIST_FILE = "EEIPad/EEIPad-Info.plist";
				PRODUCT_NAME = EEIPad;
				VALIDATE_PRODUCT = YES;
				WRAPPER_EXTENSION = app;
			};
			name = Release;
		};
		F48B4D4E134E063F007B0100 /* Debug */ = {
			isa = XCBuildConfiguration;
			buildSettings = {
				ALWAYS_SEARCH_USER_PATHS = NO;
				ARCHS = "$(ARCHS_STANDARD_32_BIT)";
				BUNDLE_LOADER = "$(BUILT_PRODUCTS_DIR)/EEIPad.app/EEIPad";
				FRAMEWORK_SEARCH_PATHS = (
					"$(SDKROOT)/Developer/Library/Frameworks",
					"$(DEVELOPER_LIBRARY_DIR)/Frameworks",
				);
				GCC_PRECOMPILE_PREFIX_HEADER = YES;
				GCC_PREFIX_HEADER = "EEIPadTests/EEIPadTests-Prefix.pch";
				INFOPLIST_FILE = "EEIPadTests/EEIPadTests-Info.plist";
				OTHER_LDFLAGS = (
					"-framework",
					SenTestingKit,
				);
				PRODUCT_NAME = EEIPadTests;
				TEST_HOST = "$(BUNDLE_LOADER)";
				WRAPPER_EXTENSION = octest;
			};
			name = Debug;
		};
		F48B4D4F134E063F007B0100 /* Release */ = {
			isa = XCBuildConfiguration;
			buildSettings = {
				ALWAYS_SEARCH_USER_PATHS = NO;
				ARCHS = "$(ARCHS_STANDARD_32_BIT)";
				BUNDLE_LOADER = "$(BUILT_PRODUCTS_DIR)/EEIPad.app/EEIPad";
				FRAMEWORK_SEARCH_PATHS = (
					"$(SDKROOT)/Developer/Library/Frameworks",
					"$(DEVELOPER_LIBRARY_DIR)/Frameworks",
				);
				GCC_PRECOMPILE_PREFIX_HEADER = YES;
				GCC_PREFIX_HEADER = "EEIPadTests/EEIPadTests-Prefix.pch";
				INFOPLIST_FILE = "EEIPadTests/EEIPadTests-Info.plist";
				OTHER_LDFLAGS = (
					"-framework",
					SenTestingKit,
				);
				PRODUCT_NAME = EEIPadTests;
				TEST_HOST = "$(BUNDLE_LOADER)";
				WRAPPER_EXTENSION = octest;
			};
			name = Release;
		};
/* End XCBuildConfiguration section */

/* Begin XCConfigurationList section */
		F48B4D04134E063E007B0100 /* Build configuration list for PBXProject "EEIPad" */ = {
			isa = XCConfigurationList;
			buildConfigurations = (
				F48B4D48134E063F007B0100 /* Debug */,
				F48B4D49134E063F007B0100 /* Release */,
			);
			defaultConfigurationIsVisible = 0;
			defaultConfigurationName = Release;
		};
		F48B4D4A134E063F007B0100 /* Build configuration list for PBXNativeTarget "EEIPad" */ = {
			isa = XCConfigurationList;
			buildConfigurations = (
				F48B4D4B134E063F007B0100 /* Debug */,
				F48B4D4C134E063F007B0100 /* Release */,
			);
			defaultConfigurationIsVisible = 0;
			defaultConfigurationName = Release;
		};
		F48B4D4D134E063F007B0100 /* Build configuration list for PBXNativeTarget "EEIPadTests" */ = {
			isa = XCConfigurationList;
			buildConfigurations = (
				F48B4D4E134E063F007B0100 /* Debug */,
				F48B4D4F134E063F007B0100 /* Release */,
			);
			defaultConfigurationIsVisible = 0;
			defaultConfigurationName = Release;
		};
/* End XCConfigurationList section */

/* Begin XCVersionGroup section */
		F48B4D22134E063F007B0100 /* EEIPad.xcdatamodeld */ = {
			isa = XCVersionGroup;
			children = (
				F48B4D23134E063F007B0100 /* SplitViewTest1.xcdatamodel */,
			);
			currentVersion = F48B4D23134E063F007B0100 /* SplitViewTest1.xcdatamodel */;
			name = EEIPad.xcdatamodeld;
			path = SplitViewTest1.xcdatamodeld;
			sourceTree = "<group>";
			versionGroupType = wrapper.xcdatamodel;
		};
/* End XCVersionGroup section */
	};
	rootObject = F48B4D01134E063E007B0100 /* Project object */;
}
