// !$*UTF8*$!
{
	archiveVersion = 1;
	classes = {
	};
	objectVersion = 46;
	objects = {

/* Begin PBXBuildFile section */
		1919B5BC1377180800D3D5F7 /* UIKit.framework in Frameworks */ = {isa = PBXBuildFile; fileRef = F48B4D0E134E063F007B0100 /* UIKit.framework */; };
		1919B5BD1377180800D3D5F7 /* Foundation.framework in Frameworks */ = {isa = PBXBuildFile; fileRef = F48B4D10134E063F007B0100 /* Foundation.framework */; };
		1919B5BE1377180800D3D5F7 /* CoreGraphics.framework in Frameworks */ = {isa = PBXBuildFile; fileRef = F48B4D12134E063F007B0100 /* CoreGraphics.framework */; };
		1919B5C41377180800D3D5F7 /* InfoPlist.strings in Resources */ = {isa = PBXBuildFile; fileRef = 1919B5C21377180800D3D5F7 /* InfoPlist.strings */; };
		1919B5C71377180800D3D5F7 /* when_initializing_quote.h in Resources */ = {isa = PBXBuildFile; fileRef = 1919B5C61377180800D3D5F7 /* when_initializing_quote.h */; };
		1919B5C91377180800D3D5F7 /* when_initializing_quote.m in Sources */ = {isa = PBXBuildFile; fileRef = 1919B5C81377180800D3D5F7 /* when_initializing_quote.m */; };
		1919B5CD13772E3C00D3D5F7 /* QuotesModel.h in Sources */ = {isa = PBXBuildFile; fileRef = 19F032BC137675F800920828 /* QuotesModel.h */; };
		1919B5CE13772E3C00D3D5F7 /* QuotesModel.m in Sources */ = {isa = PBXBuildFile; fileRef = 19F032BD137675F800920828 /* QuotesModel.m */; };
		1919B5CF13772E3C00D3D5F7 /* Quote.h in Sources */ = {isa = PBXBuildFile; fileRef = 19F032C0137677B500920828 /* Quote.h */; };
		1919B5D013772E3C00D3D5F7 /* Quote.m in Sources */ = {isa = PBXBuildFile; fileRef = 19F032C1137677B600920828 /* Quote.m */; };
		1919B5D113772E3C00D3D5F7 /* QuotesCategory.h in Sources */ = {isa = PBXBuildFile; fileRef = 19F032C313767C7800920828 /* QuotesCategory.h */; };
		1919B5D213772E3C00D3D5F7 /* QuotesCategory.m in Sources */ = {isa = PBXBuildFile; fileRef = 19F032C413767C7800920828 /* QuotesCategory.m */; };
		197D02F61369E7720082C1EC /* WebRequest.m in Sources */ = {isa = PBXBuildFile; fileRef = 197D02F51369E7720082C1EC /* WebRequest.m */; };
		197D02F91369E7AD0082C1EC /* JSONKit.m in Sources */ = {isa = PBXBuildFile; fileRef = 197D02F81369E7AD0082C1EC /* JSONKit.m */; };
		19957D4E1378778F0005A407 /* when_initializing_quote_model.m in Sources */ = {isa = PBXBuildFile; fileRef = 19957D4D1378778F0005A407 /* when_initializing_quote_model.m */; };
		19957D52137921EE0005A407 /* QuoteDictionaryBuilder.m in Sources */ = {isa = PBXBuildFile; fileRef = 19957D51137921EE0005A407 /* QuoteDictionaryBuilder.m */; };
		199FCBE613782BEE0079E012 /* when_initializing_quote_category.m in Sources */ = {isa = PBXBuildFile; fileRef = 199FCBE513782BEE0079E012 /* when_initializing_quote_category.m */; };
		19AF369913794591009F67EC /* QuotesModel.h in Sources */ = {isa = PBXBuildFile; fileRef = 19F032BC137675F800920828 /* QuotesModel.h */; };
		19AF369A13794591009F67EC /* QuotesModel.m in Sources */ = {isa = PBXBuildFile; fileRef = 19F032BD137675F800920828 /* QuotesModel.m */; };
		19AF369C137945A7009F67EC /* QuotesCategory.h in Sources */ = {isa = PBXBuildFile; fileRef = 19F032C313767C7800920828 /* QuotesCategory.h */; };
		19AF369D137945A7009F67EC /* QuotesCategory.m in Sources */ = {isa = PBXBuildFile; fileRef = 19F032C413767C7800920828 /* QuotesCategory.m */; };
		19AF369E137945B3009F67EC /* Quote.h in Sources */ = {isa = PBXBuildFile; fileRef = 19F032C0137677B500920828 /* Quote.h */; };
		19AF369F137945B3009F67EC /* Quote.m in Sources */ = {isa = PBXBuildFile; fileRef = 19F032C1137677B600920828 /* Quote.m */; };
		19B51B3E135C81840015FB5A /* QuotesTableCell.m in Sources */ = {isa = PBXBuildFile; fileRef = 19B51B37135C81840015FB5A /* QuotesTableCell.m */; };
		19B51B3F135C81840015FB5A /* QuotesTableCell.xib in Resources */ = {isa = PBXBuildFile; fileRef = 19B51B38135C81840015FB5A /* QuotesTableCell.xib */; };
		19B51B40135C81840015FB5A /* QuotesTableDelegate.m in Sources */ = {isa = PBXBuildFile; fileRef = 19B51B3A135C81840015FB5A /* QuotesTableDelegate.m */; };
		19B51B41135C81840015FB5A /* QuotesViewController.m in Sources */ = {isa = PBXBuildFile; fileRef = 19B51B3C135C81840015FB5A /* QuotesViewController.m */; };
		19B51B43135C823A0015FB5A /* QuotesViewController.xib in Resources */ = {isa = PBXBuildFile; fileRef = 19B51B42135C823A0015FB5A /* QuotesViewController.xib */; };
		23AF2E6C1380062C00942F5E /* SingleQuotesViewController.m in Sources */ = {isa = PBXBuildFile; fileRef = 23AF2E6A1380062C00942F5E /* SingleQuotesViewController.m */; };
		23AF2E6D1380062C00942F5E /* SingleQuotesViewController.xib in Resources */ = {isa = PBXBuildFile; fileRef = 23AF2E6B1380062C00942F5E /* SingleQuotesViewController.xib */; };
		23B808541379C46800FC40C3 /* PageControl.m in Sources */ = {isa = PBXBuildFile; fileRef = 23B808531379C46800FC40C3 /* PageControl.m */; };
		23B808581379C4A200FC40C3 /* active_page_icon.png in Resources */ = {isa = PBXBuildFile; fileRef = 23B808561379C4A200FC40C3 /* active_page_icon.png */; };
		23B808591379C4A200FC40C3 /* page_icon.png in Resources */ = {isa = PBXBuildFile; fileRef = 23B808571379C4A200FC40C3 /* page_icon.png */; };
		F403699D137DA92F00F4C212 /* Article.m in Sources */ = {isa = PBXBuildFile; fileRef = F403699C137DA92F00F4C212 /* Article.m */; };
		F40369A1137DAB7A00F4C212 /* ArticlesGroup.m in Sources */ = {isa = PBXBuildFile; fileRef = F40369A0137DAB7A00F4C212 /* ArticlesGroup.m */; };
		F404C875134F4FF0006EAA18 /* WidgetLg.m in Sources */ = {isa = PBXBuildFile; fileRef = F404C873134F4FF0006EAA18 /* WidgetLg.m */; };
		F404C876134F4FF0006EAA18 /* WidgetLg.xib in Resources */ = {isa = PBXBuildFile; fileRef = F404C874134F4FF0006EAA18 /* WidgetLg.xib */; };
		F414340F13758C14007605F2 /* UIViewWithShadow.m in Sources */ = {isa = PBXBuildFile; fileRef = F414340E13758C14007605F2 /* UIViewWithShadow.m */; };
		F414342C13759A9A007605F2 /* background.png in Resources */ = {isa = PBXBuildFile; fileRef = F414341213759A9A007605F2 /* background.png */; };
		F414342D13759A9A007605F2 /* banner.png in Resources */ = {isa = PBXBuildFile; fileRef = F414341313759A9A007605F2 /* banner.png */; };
		F414342E13759A9A007605F2 /* full_screen.png in Resources */ = {isa = PBXBuildFile; fileRef = F414341413759A9A007605F2 /* full_screen.png */; };
		F414342F13759A9A007605F2 /* green_up.png in Resources */ = {isa = PBXBuildFile; fileRef = F414341513759A9A007605F2 /* green_up.png */; };
		F414343013759A9A007605F2 /* mask.png in Resources */ = {isa = PBXBuildFile; fileRef = F414341613759A9A007605F2 /* mask.png */; };
		F414343113759A9A007605F2 /* red_down.png in Resources */ = {isa = PBXBuildFile; fileRef = F414341713759A9A007605F2 /* red_down.png */; };
		F414343213759A9A007605F2 /* restore.png in Resources */ = {isa = PBXBuildFile; fileRef = F414341813759A9A007605F2 /* restore.png */; };
		F414343313759A9A007605F2 /* stockquotes.png in Resources */ = {isa = PBXBuildFile; fileRef = F414341913759A9A007605F2 /* stockquotes.png */; };
		F414343413759A9A007605F2 /* widget_large.png in Resources */ = {isa = PBXBuildFile; fileRef = F414341A13759A9A007605F2 /* widget_large.png */; };
		F414343613759A9A007605F2 /* widget_small.png in Resources */ = {isa = PBXBuildFile; fileRef = F414341C13759A9A007605F2 /* widget_small.png */; };
		F414343713759A9A007605F2 /* widget_title.png in Resources */ = {isa = PBXBuildFile; fileRef = F414341D13759A9A007605F2 /* widget_title.png */; };
		F414344213759A9A007605F2 /* widgetlg_title.png in Resources */ = {isa = PBXBuildFile; fileRef = F414342813759A9A007605F2 /* widgetlg_title.png */; };
		F41434481375C1EB007605F2 /* UIViewWithGradient.m in Sources */ = {isa = PBXBuildFile; fileRef = F41434471375C1EB007605F2 /* UIViewWithGradient.m */; };
		F414344A1375C3F6007605F2 /* QuartzCore.framework in Frameworks */ = {isa = PBXBuildFile; fileRef = F41434491375C3F6007605F2 /* QuartzCore.framework */; };
		F414344C1375C406007605F2 /* QuartzCore.framework in Frameworks */ = {isa = PBXBuildFile; fileRef = F414344B1375C406007605F2 /* QuartzCore.framework */; };
		F424706A13692AC100660869 /* VideoWidget.m in Sources */ = {isa = PBXBuildFile; fileRef = F424706813692AC100660869 /* VideoWidget.m */; };
		F424706B13692AC100660869 /* VideoWidget.xib in Resources */ = {isa = PBXBuildFile; fileRef = F424706913692AC100660869 /* VideoWidget.xib */; };
		F424706D1369305E00660869 /* MediaPlayer.framework in Frameworks */ = {isa = PBXBuildFile; fileRef = F424706C1369305D00660869 /* MediaPlayer.framework */; };
		F424706F1369328B00660869 /* MediaPlayer.framework in Frameworks */ = {isa = PBXBuildFile; fileRef = F424706E1369328B00660869 /* MediaPlayer.framework */; };
		F424C405135C1BDE00EF228D /* UIViewScrollContainer.m in Sources */ = {isa = PBXBuildFile; fileRef = F424C404135C1BDE00EF228D /* UIViewScrollContainer.m */; };
		F43DD7331358CC7100F92AD9 /* StocksWidget.m in Sources */ = {isa = PBXBuildFile; fileRef = F43DD7311358CC7100F92AD9 /* StocksWidget.m */; };
		F43DD7341358CC7100F92AD9 /* StocksWidget.xib in Resources */ = {isa = PBXBuildFile; fileRef = F43DD7321358CC7100F92AD9 /* StocksWidget.xib */; };
		F43DD7381358D09100F92AD9 /* WidgetConfig.m in Sources */ = {isa = PBXBuildFile; fileRef = F43DD7371358D09100F92AD9 /* WidgetConfig.m */; };
		F43DD73B1358D17B00F92AD9 /* AppConfig.m in Sources */ = {isa = PBXBuildFile; fileRef = F43DD73A1358D17B00F92AD9 /* AppConfig.m */; };
		F43DD7471359DCEC00F92AD9 /* ScrollViewConfig.m in Sources */ = {isa = PBXBuildFile; fileRef = F43DD7461359DCEC00F92AD9 /* ScrollViewConfig.m */; };
		F43DD752135AB2C700F92AD9 /* Widget.m in Sources */ = {isa = PBXBuildFile; fileRef = F43DD751135AB2C600F92AD9 /* Widget.m */; };
		F43DD757135B691A00F92AD9 /* NewsAndAnalysisWidget.m in Sources */ = {isa = PBXBuildFile; fileRef = F43DD755135B691A00F92AD9 /* NewsAndAnalysisWidget.m */; };
		F43DD758135B691A00F92AD9 /* NewsAndAnalysisWidget.xib in Resources */ = {isa = PBXBuildFile; fileRef = F43DD756135B691A00F92AD9 /* NewsAndAnalysisWidget.xib */; };
		F46BACD0136F3A3600AEED85 /* CategoryArticlesWidget.m in Sources */ = {isa = PBXBuildFile; fileRef = F46BACCC136F3A3600AEED85 /* CategoryArticlesWidget.m */; };
		F46BACD1136F3A3600AEED85 /* CategoryArticlesWidget.xib in Resources */ = {isa = PBXBuildFile; fileRef = F46BACCD136F3A3600AEED85 /* CategoryArticlesWidget.xib */; };
		F46BACD2136F3A3600AEED85 /* CategoryViewController.m in Sources */ = {isa = PBXBuildFile; fileRef = F46BACCF136F3A3600AEED85 /* CategoryViewController.m */; };
		F485BE22134E4C9200B344D9 /* ScrollManager.m in Sources */ = {isa = PBXBuildFile; fileRef = F485BE21134E4C9200B344D9 /* ScrollManager.m */; };
		F48B4D0F134E063F007B0100 /* UIKit.framework in Frameworks */ = {isa = PBXBuildFile; fileRef = F48B4D0E134E063F007B0100 /* UIKit.framework */; };
		F48B4D11134E063F007B0100 /* Foundation.framework in Frameworks */ = {isa = PBXBuildFile; fileRef = F48B4D10134E063F007B0100 /* Foundation.framework */; };
		F48B4D13134E063F007B0100 /* CoreGraphics.framework in Frameworks */ = {isa = PBXBuildFile; fileRef = F48B4D12134E063F007B0100 /* CoreGraphics.framework */; };
		F48B4D15134E063F007B0100 /* CoreData.framework in Frameworks */ = {isa = PBXBuildFile; fileRef = F48B4D14134E063F007B0100 /* CoreData.framework */; };
		F48B4D1B134E063F007B0100 /* InfoPlist.strings in Resources */ = {isa = PBXBuildFile; fileRef = F48B4D19134E063F007B0100 /* InfoPlist.strings */; };
		F48B4D1E134E063F007B0100 /* main.m in Sources */ = {isa = PBXBuildFile; fileRef = F48B4D1D134E063F007B0100 /* main.m */; };
		F48B4D21134E063F007B0100 /* EEIAppDelegate.m in Sources */ = {isa = PBXBuildFile; fileRef = F48B4D20134E063F007B0100 /* EEIAppDelegate.m */; };
		F48B4D24134E063F007B0100 /* EEIPad.xcdatamodeld in Sources */ = {isa = PBXBuildFile; fileRef = F48B4D22134E063F007B0100 /* EEIPad.xcdatamodeld */; };
		F48B4D27134E063F007B0100 /* MainWindow.xib in Resources */ = {isa = PBXBuildFile; fileRef = F48B4D25134E063F007B0100 /* MainWindow.xib */; };
		F48B4D2A134E063F007B0100 /* DetailViewController.m in Sources */ = {isa = PBXBuildFile; fileRef = F48B4D29134E063F007B0100 /* DetailViewController.m */; };
		F48B4D2D134E063F007B0100 /* DetailView.xib in Resources */ = {isa = PBXBuildFile; fileRef = F48B4D2B134E063F007B0100 /* DetailView.xib */; };
		F4ECB5B6135827AC009CD828 /* WidgetSm.m in Sources */ = {isa = PBXBuildFile; fileRef = F4ECB5B4135827AC009CD828 /* WidgetSm.m */; };
		F4ECB5B7135827AC009CD828 /* WidgetSm.xib in Resources */ = {isa = PBXBuildFile; fileRef = F4ECB5B5135827AC009CD828 /* WidgetSm.xib */; };
		F4F62E161376DAAA00D6989F /* UIViewWithRoundedCorners.m in Sources */ = {isa = PBXBuildFile; fileRef = F4F62E151376DAAA00D6989F /* UIViewWithRoundedCorners.m */; };
		F4F62E161376DAAA00D698A1 /* QuotesService.m in Sources */ = {isa = PBXBuildFile; fileRef = F4F62E161376DAAA00D698A0 /* QuotesService.m */; };
		F4F62E161376DAAA00D698A4 /* VideoModel.m in Sources */ = {isa = PBXBuildFile; fileRef = F4F62E161376DAAA00D698A3 /* VideoModel.m */; };
		F4F62E161376DAAA00D698A7 /* NSDate+FromJsonDate.m in Sources */ = {isa = PBXBuildFile; fileRef = F4F62E161376DAAA00D698A6 /* NSDate+FromJsonDate.m */; };
		F4F62E161376DAAA00D698AA /* UIView+ShowActivityIndicator.m in Sources */ = {isa = PBXBuildFile; fileRef = F4F62E161376DAAA00D698A9 /* UIView+ShowActivityIndicator.m */; };
		F4F62E161376DAAA00D698AD /* NSArray+Linq.m in Sources */ = {isa = PBXBuildFile; fileRef = F4F62E161376DAAA00D698AC /* NSArray+Linq.m */; };
		F4F62E161376DAAA00D698B0 /* UIViewController+ShowActivityIndicator.m in Sources */ = {isa = PBXBuildFile; fileRef = F4F62E161376DAAA00D698AF /* UIViewController+ShowActivityIndicator.m */; };
		F4F62E161376DAAA00D698B3 /* NSDate+Format.m in Sources */ = {isa = PBXBuildFile; fileRef = F4F62E161376DAAA00D698B2 /* NSDate+Format.m */; };
/* End PBXBuildFile section */

/* Begin PBXFileReference section */
		1919B5BB1377180800D3D5F7 /* EEIPad.LogicTests.octest */ = {isa = PBXFileReference; explicitFileType = wrapper.cfbundle; includeInIndex = 0; path = EEIPad.LogicTests.octest; sourceTree = BUILT_PRODUCTS_DIR; };
		1919B5C11377180800D3D5F7 /* EEIPad.LogicTests-Info.plist */ = {isa = PBXFileReference; lastKnownFileType = text.plist.xml; path = "EEIPad.LogicTests-Info.plist"; sourceTree = "<group>"; };
		1919B5C31377180800D3D5F7 /* en */ = {isa = PBXFileReference; lastKnownFileType = text.plist.strings; name = en; path = en.lproj/InfoPlist.strings; sourceTree = "<group>"; };
		1919B5C51377180800D3D5F7 /* EEIPad.LogicTests-Prefix.pch */ = {isa = PBXFileReference; lastKnownFileType = sourcecode.c.h; path = "EEIPad.LogicTests-Prefix.pch"; sourceTree = "<group>"; };
		1919B5C61377180800D3D5F7 /* when_initializing_quote.h */ = {isa = PBXFileReference; lastKnownFileType = sourcecode.c.h; path = when_initializing_quote.h; sourceTree = "<group>"; };
		1919B5C81377180800D3D5F7 /* when_initializing_quote.m */ = {isa = PBXFileReference; lastKnownFileType = sourcecode.c.objc; path = when_initializing_quote.m; sourceTree = "<group>"; };
		197D02F41369E7720082C1EC /* WebRequest.h */ = {isa = PBXFileReference; fileEncoding = 4; lastKnownFileType = sourcecode.c.h; name = WebRequest.h; path = Utils/WebRequest.h; sourceTree = "<group>"; };
		197D02F51369E7720082C1EC /* WebRequest.m */ = {isa = PBXFileReference; fileEncoding = 4; lastKnownFileType = sourcecode.c.objc; name = WebRequest.m; path = Utils/WebRequest.m; sourceTree = "<group>"; };
		197D02F71369E7AD0082C1EC /* JSONKit.h */ = {isa = PBXFileReference; fileEncoding = 4; lastKnownFileType = sourcecode.c.h; name = JSONKit.h; path = Utils/JSONKit.h; sourceTree = "<group>"; };
		197D02F81369E7AD0082C1EC /* JSONKit.m */ = {isa = PBXFileReference; fileEncoding = 4; lastKnownFileType = sourcecode.c.objc; name = JSONKit.m; path = Utils/JSONKit.m; sourceTree = "<group>"; };
		19957D4C1378778F0005A407 /* when_initializing_quote_model.h */ = {isa = PBXFileReference; fileEncoding = 4; lastKnownFileType = sourcecode.c.h; path = when_initializing_quote_model.h; sourceTree = "<group>"; };
		19957D4D1378778F0005A407 /* when_initializing_quote_model.m */ = {isa = PBXFileReference; fileEncoding = 4; lastKnownFileType = sourcecode.c.objc; path = when_initializing_quote_model.m; sourceTree = "<group>"; };
		19957D50137921EE0005A407 /* QuoteDictionaryBuilder.h */ = {isa = PBXFileReference; fileEncoding = 4; lastKnownFileType = sourcecode.c.h; path = QuoteDictionaryBuilder.h; sourceTree = "<group>"; };
		19957D51137921EE0005A407 /* QuoteDictionaryBuilder.m */ = {isa = PBXFileReference; fileEncoding = 4; lastKnownFileType = sourcecode.c.objc; path = QuoteDictionaryBuilder.m; sourceTree = "<group>"; };
		199FCBE413782BEE0079E012 /* when_initializing_quote_category.h */ = {isa = PBXFileReference; fileEncoding = 4; lastKnownFileType = sourcecode.c.h; path = when_initializing_quote_category.h; sourceTree = "<group>"; };
		199FCBE513782BEE0079E012 /* when_initializing_quote_category.m */ = {isa = PBXFileReference; fileEncoding = 4; lastKnownFileType = sourcecode.c.objc; path = when_initializing_quote_category.m; sourceTree = "<group>"; };
		19B51B36135C81840015FB5A /* QuotesTableCell.h */ = {isa = PBXFileReference; fileEncoding = 4; lastKnownFileType = sourcecode.c.h; name = QuotesTableCell.h; path = Quotes/QuotesTableCell.h; sourceTree = "<group>"; };
		19B51B37135C81840015FB5A /* QuotesTableCell.m */ = {isa = PBXFileReference; fileEncoding = 4; lastKnownFileType = sourcecode.c.objc; name = QuotesTableCell.m; path = Quotes/QuotesTableCell.m; sourceTree = "<group>"; };
		19B51B38135C81840015FB5A /* QuotesTableCell.xib */ = {isa = PBXFileReference; fileEncoding = 4; lastKnownFileType = file.xib; name = QuotesTableCell.xib; path = Quotes/QuotesTableCell.xib; sourceTree = "<group>"; };
		19B51B39135C81840015FB5A /* QuotesTableDelegate.h */ = {isa = PBXFileReference; fileEncoding = 4; lastKnownFileType = sourcecode.c.h; name = QuotesTableDelegate.h; path = Quotes/QuotesTableDelegate.h; sourceTree = "<group>"; };
		19B51B3A135C81840015FB5A /* QuotesTableDelegate.m */ = {isa = PBXFileReference; fileEncoding = 4; lastKnownFileType = sourcecode.c.objc; name = QuotesTableDelegate.m; path = Quotes/QuotesTableDelegate.m; sourceTree = "<group>"; };
		19B51B3B135C81840015FB5A /* QuotesViewController.h */ = {isa = PBXFileReference; fileEncoding = 4; lastKnownFileType = sourcecode.c.h; name = QuotesViewController.h; path = Quotes/QuotesViewController.h; sourceTree = "<group>"; };
		19B51B3C135C81840015FB5A /* QuotesViewController.m */ = {isa = PBXFileReference; fileEncoding = 4; lastKnownFileType = sourcecode.c.objc; name = QuotesViewController.m; path = Quotes/QuotesViewController.m; sourceTree = "<group>"; };
		19B51B42135C823A0015FB5A /* QuotesViewController.xib */ = {isa = PBXFileReference; fileEncoding = 4; lastKnownFileType = file.xib; name = QuotesViewController.xib; path = Quotes/QuotesViewController.xib; sourceTree = "<group>"; };
		19F032BC137675F800920828 /* QuotesModel.h */ = {isa = PBXFileReference; fileEncoding = 4; lastKnownFileType = sourcecode.c.h; path = QuotesModel.h; sourceTree = "<group>"; };
		19F032BD137675F800920828 /* QuotesModel.m */ = {isa = PBXFileReference; fileEncoding = 4; lastKnownFileType = sourcecode.c.objc; path = QuotesModel.m; sourceTree = "<group>"; };
		19F032C0137677B500920828 /* Quote.h */ = {isa = PBXFileReference; fileEncoding = 4; lastKnownFileType = sourcecode.c.h; path = Quote.h; sourceTree = "<group>"; };
		19F032C1137677B600920828 /* Quote.m */ = {isa = PBXFileReference; fileEncoding = 4; lastKnownFileType = sourcecode.c.objc; path = Quote.m; sourceTree = "<group>"; };
		19F032C313767C7800920828 /* QuotesCategory.h */ = {isa = PBXFileReference; fileEncoding = 4; lastKnownFileType = sourcecode.c.h; path = QuotesCategory.h; sourceTree = "<group>"; };
		19F032C413767C7800920828 /* QuotesCategory.m */ = {isa = PBXFileReference; fileEncoding = 4; lastKnownFileType = sourcecode.c.objc; path = QuotesCategory.m; sourceTree = "<group>"; };
		23AF2E691380062C00942F5E /* SingleQuotesViewController.h */ = {isa = PBXFileReference; fileEncoding = 4; lastKnownFileType = sourcecode.c.h; path = SingleQuotesViewController.h; sourceTree = "<group>"; };
		23AF2E6A1380062C00942F5E /* SingleQuotesViewController.m */ = {isa = PBXFileReference; fileEncoding = 4; lastKnownFileType = sourcecode.c.objc; path = SingleQuotesViewController.m; sourceTree = "<group>"; };
		23AF2E6B1380062C00942F5E /* SingleQuotesViewController.xib */ = {isa = PBXFileReference; fileEncoding = 4; lastKnownFileType = file.xib; path = SingleQuotesViewController.xib; sourceTree = "<group>"; };
		23B808521379C46800FC40C3 /* PageControl.h */ = {isa = PBXFileReference; fileEncoding = 4; lastKnownFileType = sourcecode.c.h; path = PageControl.h; sourceTree = "<group>"; };
		23B808531379C46800FC40C3 /* PageControl.m */ = {isa = PBXFileReference; fileEncoding = 4; lastKnownFileType = sourcecode.c.objc; path = PageControl.m; sourceTree = "<group>"; };
		23B808561379C4A200FC40C3 /* active_page_icon.png */ = {isa = PBXFileReference; lastKnownFileType = image.png; path = active_page_icon.png; sourceTree = "<group>"; };
		23B808571379C4A200FC40C3 /* page_icon.png */ = {isa = PBXFileReference; lastKnownFileType = image.png; path = page_icon.png; sourceTree = "<group>"; };
		F403699B137DA92F00F4C212 /* Article.h */ = {isa = PBXFileReference; fileEncoding = 4; lastKnownFileType = sourcecode.c.h; path = Article.h; sourceTree = "<group>"; };
		F403699C137DA92F00F4C212 /* Article.m */ = {isa = PBXFileReference; fileEncoding = 4; lastKnownFileType = sourcecode.c.objc; path = Article.m; sourceTree = "<group>"; };
		F403699F137DAB7A00F4C212 /* ArticlesGroup.h */ = {isa = PBXFileReference; fileEncoding = 4; lastKnownFileType = sourcecode.c.h; path = ArticlesGroup.h; sourceTree = "<group>"; };
		F40369A0137DAB7A00F4C212 /* ArticlesGroup.m */ = {isa = PBXFileReference; fileEncoding = 4; lastKnownFileType = sourcecode.c.objc; path = ArticlesGroup.m; sourceTree = "<group>"; };
		F404C872134F4FF0006EAA18 /* WidgetLg.h */ = {isa = PBXFileReference; fileEncoding = 4; lastKnownFileType = sourcecode.c.h; path = WidgetLg.h; sourceTree = "<group>"; };
		F404C873134F4FF0006EAA18 /* WidgetLg.m */ = {isa = PBXFileReference; fileEncoding = 4; lastKnownFileType = sourcecode.c.objc; path = WidgetLg.m; sourceTree = "<group>"; };
		F404C874134F4FF0006EAA18 /* WidgetLg.xib */ = {isa = PBXFileReference; fileEncoding = 4; lastKnownFileType = file.xib; path = WidgetLg.xib; sourceTree = "<group>"; };
		F414340D13758C14007605F2 /* UIViewWithShadow.h */ = {isa = PBXFileReference; fileEncoding = 4; lastKnownFileType = sourcecode.c.h; path = UIViewWithShadow.h; sourceTree = "<group>"; };
		F414340E13758C14007605F2 /* UIViewWithShadow.m */ = {isa = PBXFileReference; fileEncoding = 4; lastKnownFileType = sourcecode.c.objc; path = UIViewWithShadow.m; sourceTree = "<group>"; };
		F414341213759A9A007605F2 /* background.png */ = {isa = PBXFileReference; lastKnownFileType = image.png; path = background.png; sourceTree = "<group>"; };
		F414341313759A9A007605F2 /* banner.png */ = {isa = PBXFileReference; lastKnownFileType = image.png; path = banner.png; sourceTree = "<group>"; };
		F414341413759A9A007605F2 /* full_screen.png */ = {isa = PBXFileReference; lastKnownFileType = image.png; path = full_screen.png; sourceTree = "<group>"; };
		F414341513759A9A007605F2 /* green_up.png */ = {isa = PBXFileReference; lastKnownFileType = image.png; path = green_up.png; sourceTree = "<group>"; };
		F414341613759A9A007605F2 /* mask.png */ = {isa = PBXFileReference; lastKnownFileType = image.png; path = mask.png; sourceTree = "<group>"; };
		F414341713759A9A007605F2 /* red_down.png */ = {isa = PBXFileReference; lastKnownFileType = image.png; path = red_down.png; sourceTree = "<group>"; };
		F414341813759A9A007605F2 /* restore.png */ = {isa = PBXFileReference; lastKnownFileType = image.png; path = restore.png; sourceTree = "<group>"; };
		F414341913759A9A007605F2 /* stockquotes.png */ = {isa = PBXFileReference; lastKnownFileType = image.png; path = stockquotes.png; sourceTree = "<group>"; };
		F414341A13759A9A007605F2 /* widget_large.png */ = {isa = PBXFileReference; lastKnownFileType = image.png; path = widget_large.png; sourceTree = "<group>"; };
		F414341C13759A9A007605F2 /* widget_small.png */ = {isa = PBXFileReference; lastKnownFileType = image.png; path = widget_small.png; sourceTree = "<group>"; };
		F414341D13759A9A007605F2 /* widget_title.png */ = {isa = PBXFileReference; lastKnownFileType = image.png; path = widget_title.png; sourceTree = "<group>"; };
		F414342813759A9A007605F2 /* widgetlg_title.png */ = {isa = PBXFileReference; lastKnownFileType = image.png; path = widgetlg_title.png; sourceTree = "<group>"; };
		F41434461375C1EB007605F2 /* UIViewWithGradient.h */ = {isa = PBXFileReference; fileEncoding = 4; lastKnownFileType = sourcecode.c.h; path = UIViewWithGradient.h; sourceTree = "<group>"; };
		F41434471375C1EB007605F2 /* UIViewWithGradient.m */ = {isa = PBXFileReference; fileEncoding = 4; lastKnownFileType = sourcecode.c.objc; path = UIViewWithGradient.m; sourceTree = "<group>"; };
		F41434491375C3F6007605F2 /* QuartzCore.framework */ = {isa = PBXFileReference; lastKnownFileType = wrapper.framework; name = QuartzCore.framework; path = System/Library/Frameworks/QuartzCore.framework; sourceTree = SDKROOT; };
		F414344B1375C406007605F2 /* QuartzCore.framework */ = {isa = PBXFileReference; lastKnownFileType = wrapper.framework; name = QuartzCore.framework; path = System/Library/Frameworks/QuartzCore.framework; sourceTree = SDKROOT; };
		F424706713692AC100660869 /* VideoWidget.h */ = {isa = PBXFileReference; fileEncoding = 4; lastKnownFileType = sourcecode.c.h; path = VideoWidget.h; sourceTree = "<group>"; };
		F424706813692AC100660869 /* VideoWidget.m */ = {isa = PBXFileReference; fileEncoding = 4; lastKnownFileType = sourcecode.c.objc; path = VideoWidget.m; sourceTree = "<group>"; };
		F424706913692AC100660869 /* VideoWidget.xib */ = {isa = PBXFileReference; fileEncoding = 4; lastKnownFileType = file.xib; path = VideoWidget.xib; sourceTree = "<group>"; };
		F424706C1369305D00660869 /* MediaPlayer.framework */ = {isa = PBXFileReference; lastKnownFileType = wrapper.framework; name = MediaPlayer.framework; path = System/Library/Frameworks/MediaPlayer.framework; sourceTree = SDKROOT; };
		F424706E1369328B00660869 /* MediaPlayer.framework */ = {isa = PBXFileReference; lastKnownFileType = wrapper.framework; name = MediaPlayer.framework; path = System/Library/Frameworks/MediaPlayer.framework; sourceTree = SDKROOT; };
		F424C403135C1BDD00EF228D /* UIViewScrollContainer.h */ = {isa = PBXFileReference; fileEncoding = 4; lastKnownFileType = sourcecode.c.h; path = UIViewScrollContainer.h; sourceTree = "<group>"; };
		F424C404135C1BDE00EF228D /* UIViewScrollContainer.m */ = {isa = PBXFileReference; fileEncoding = 4; lastKnownFileType = sourcecode.c.objc; path = UIViewScrollContainer.m; sourceTree = "<group>"; };
		F43DD7301358CC7100F92AD9 /* StocksWidget.h */ = {isa = PBXFileReference; fileEncoding = 4; lastKnownFileType = sourcecode.c.h; path = StocksWidget.h; sourceTree = "<group>"; };
		F43DD7311358CC7100F92AD9 /* StocksWidget.m */ = {isa = PBXFileReference; fileEncoding = 4; lastKnownFileType = sourcecode.c.objc; path = StocksWidget.m; sourceTree = "<group>"; };
		F43DD7321358CC7100F92AD9 /* StocksWidget.xib */ = {isa = PBXFileReference; fileEncoding = 4; lastKnownFileType = file.xib; path = StocksWidget.xib; sourceTree = "<group>"; };
		F43DD7361358D09100F92AD9 /* WidgetConfig.h */ = {isa = PBXFileReference; fileEncoding = 4; lastKnownFileType = sourcecode.c.h; path = WidgetConfig.h; sourceTree = "<group>"; };
		F43DD7371358D09100F92AD9 /* WidgetConfig.m */ = {isa = PBXFileReference; fileEncoding = 4; lastKnownFileType = sourcecode.c.objc; path = WidgetConfig.m; sourceTree = "<group>"; };
		F43DD7391358D17B00F92AD9 /* AppConfig.h */ = {isa = PBXFileReference; fileEncoding = 4; lastKnownFileType = sourcecode.c.h; path = AppConfig.h; sourceTree = "<group>"; };
		F43DD73A1358D17B00F92AD9 /* AppConfig.m */ = {isa = PBXFileReference; fileEncoding = 4; lastKnownFileType = sourcecode.c.objc; path = AppConfig.m; sourceTree = "<group>"; };
		F43DD7451359DCEC00F92AD9 /* ScrollViewConfig.h */ = {isa = PBXFileReference; fileEncoding = 4; lastKnownFileType = sourcecode.c.h; path = ScrollViewConfig.h; sourceTree = "<group>"; };
		F43DD7461359DCEC00F92AD9 /* ScrollViewConfig.m */ = {isa = PBXFileReference; fileEncoding = 4; lastKnownFileType = sourcecode.c.objc; path = ScrollViewConfig.m; sourceTree = "<group>"; };
		F43DD750135AB2C600F92AD9 /* Widget.h */ = {isa = PBXFileReference; fileEncoding = 4; lastKnownFileType = sourcecode.c.h; path = Widget.h; sourceTree = "<group>"; };
		F43DD751135AB2C600F92AD9 /* Widget.m */ = {isa = PBXFileReference; fileEncoding = 4; lastKnownFileType = sourcecode.c.objc; path = Widget.m; sourceTree = "<group>"; };
		F43DD754135B691A00F92AD9 /* NewsAndAnalysisWidget.h */ = {isa = PBXFileReference; fileEncoding = 4; lastKnownFileType = sourcecode.c.h; path = NewsAndAnalysisWidget.h; sourceTree = "<group>"; };
		F43DD755135B691A00F92AD9 /* NewsAndAnalysisWidget.m */ = {isa = PBXFileReference; fileEncoding = 4; lastKnownFileType = sourcecode.c.objc; path = NewsAndAnalysisWidget.m; sourceTree = "<group>"; };
		F43DD756135B691A00F92AD9 /* NewsAndAnalysisWidget.xib */ = {isa = PBXFileReference; fileEncoding = 4; lastKnownFileType = file.xib; path = NewsAndAnalysisWidget.xib; sourceTree = "<group>"; };
		F46BACCB136F3A3600AEED85 /* CategoryArticlesWidget.h */ = {isa = PBXFileReference; fileEncoding = 4; lastKnownFileType = sourcecode.c.h; name = CategoryArticlesWidget.h; path = CategoryWidget/CategoryArticlesWidget.h; sourceTree = "<group>"; };
		F46BACCC136F3A3600AEED85 /* CategoryArticlesWidget.m */ = {isa = PBXFileReference; fileEncoding = 4; lastKnownFileType = sourcecode.c.objc; name = CategoryArticlesWidget.m; path = CategoryWidget/CategoryArticlesWidget.m; sourceTree = "<group>"; xcLanguageSpecificationIdentifier = xcode.lang.objc; };
		F46BACCD136F3A3600AEED85 /* CategoryArticlesWidget.xib */ = {isa = PBXFileReference; fileEncoding = 4; lastKnownFileType = file.xib; name = CategoryArticlesWidget.xib; path = CategoryWidget/CategoryArticlesWidget.xib; sourceTree = "<group>"; };
		F46BACCE136F3A3600AEED85 /* CategoryViewController.h */ = {isa = PBXFileReference; fileEncoding = 4; lastKnownFileType = sourcecode.c.h; name = CategoryViewController.h; path = CategoryWidget/CategoryViewController.h; sourceTree = "<group>"; };
		F46BACCF136F3A3600AEED85 /* CategoryViewController.m */ = {isa = PBXFileReference; fileEncoding = 4; lastKnownFileType = sourcecode.c.objc; name = CategoryViewController.m; path = CategoryWidget/CategoryViewController.m; sourceTree = "<group>"; };
		F485BE20134E4C9200B344D9 /* ScrollManager.h */ = {isa = PBXFileReference; fileEncoding = 4; lastKnownFileType = sourcecode.c.h; path = ScrollManager.h; sourceTree = "<group>"; };
		F485BE21134E4C9200B344D9 /* ScrollManager.m */ = {isa = PBXFileReference; fileEncoding = 4; lastKnownFileType = sourcecode.c.objc; path = ScrollManager.m; sourceTree = "<group>"; };
		F48B4D0A134E063F007B0100 /* EEIPad.app */ = {isa = PBXFileReference; explicitFileType = wrapper.application; includeInIndex = 0; path = EEIPad.app; sourceTree = BUILT_PRODUCTS_DIR; };
		F48B4D0E134E063F007B0100 /* UIKit.framework */ = {isa = PBXFileReference; lastKnownFileType = wrapper.framework; name = UIKit.framework; path = System/Library/Frameworks/UIKit.framework; sourceTree = SDKROOT; };
		F48B4D10134E063F007B0100 /* Foundation.framework */ = {isa = PBXFileReference; lastKnownFileType = wrapper.framework; name = Foundation.framework; path = System/Library/Frameworks/Foundation.framework; sourceTree = SDKROOT; };
		F48B4D12134E063F007B0100 /* CoreGraphics.framework */ = {isa = PBXFileReference; lastKnownFileType = wrapper.framework; name = CoreGraphics.framework; path = System/Library/Frameworks/CoreGraphics.framework; sourceTree = SDKROOT; };
		F48B4D14134E063F007B0100 /* CoreData.framework */ = {isa = PBXFileReference; lastKnownFileType = wrapper.framework; name = CoreData.framework; path = System/Library/Frameworks/CoreData.framework; sourceTree = SDKROOT; };
		F48B4D18134E063F007B0100 /* EEIPad-Info.plist */ = {isa = PBXFileReference; lastKnownFileType = text.plist.xml; path = "EEIPad-Info.plist"; sourceTree = "<group>"; };
		F48B4D1A134E063F007B0100 /* en */ = {isa = PBXFileReference; lastKnownFileType = text.plist.strings; name = en; path = en.lproj/InfoPlist.strings; sourceTree = "<group>"; };
		F48B4D1C134E063F007B0100 /* EEIPad-Prefix.pch */ = {isa = PBXFileReference; lastKnownFileType = sourcecode.c.h; path = "EEIPad-Prefix.pch"; sourceTree = "<group>"; };
		F48B4D1D134E063F007B0100 /* main.m */ = {isa = PBXFileReference; lastKnownFileType = sourcecode.c.objc; path = main.m; sourceTree = "<group>"; };
		F48B4D1F134E063F007B0100 /* EEIAppDelegate.h */ = {isa = PBXFileReference; lastKnownFileType = sourcecode.c.h; path = EEIAppDelegate.h; sourceTree = "<group>"; };
		F48B4D20134E063F007B0100 /* EEIAppDelegate.m */ = {isa = PBXFileReference; lastKnownFileType = sourcecode.c.objc; path = EEIAppDelegate.m; sourceTree = "<group>"; };
		F48B4D23134E063F007B0100 /* SplitViewTest1.xcdatamodel */ = {isa = PBXFileReference; lastKnownFileType = wrapper.xcdatamodel; path = SplitViewTest1.xcdatamodel; sourceTree = "<group>"; };
		F48B4D26134E063F007B0100 /* en */ = {isa = PBXFileReference; lastKnownFileType = file.xib; name = en; path = en.lproj/MainWindow.xib; sourceTree = "<group>"; };
		F48B4D28134E063F007B0100 /* DetailViewController.h */ = {isa = PBXFileReference; lastKnownFileType = sourcecode.c.h; path = DetailViewController.h; sourceTree = "<group>"; };
		F48B4D29134E063F007B0100 /* DetailViewController.m */ = {isa = PBXFileReference; lastKnownFileType = sourcecode.c.objc; path = DetailViewController.m; sourceTree = "<group>"; };
		F48B4D2C134E063F007B0100 /* en */ = {isa = PBXFileReference; lastKnownFileType = file.xib; name = en; path = en.lproj/DetailView.xib; sourceTree = "<group>"; };
		F4ECB5B3135827AC009CD828 /* WidgetSm.h */ = {isa = PBXFileReference; fileEncoding = 4; lastKnownFileType = sourcecode.c.h; path = WidgetSm.h; sourceTree = "<group>"; };
		F4ECB5B4135827AC009CD828 /* WidgetSm.m */ = {isa = PBXFileReference; fileEncoding = 4; lastKnownFileType = sourcecode.c.objc; path = WidgetSm.m; sourceTree = "<group>"; };
		F4ECB5B5135827AC009CD828 /* WidgetSm.xib */ = {isa = PBXFileReference; fileEncoding = 4; lastKnownFileType = file.xib; path = WidgetSm.xib; sourceTree = "<group>"; };
		F4F62E141376DAAA00D6989F /* UIViewWithRoundedCorners.h */ = {isa = PBXFileReference; fileEncoding = 4; lastKnownFileType = sourcecode.c.h; path = UIViewWithRoundedCorners.h; sourceTree = "<group>"; };
		F4F62E151376DAAA00D6989F /* UIViewWithRoundedCorners.m */ = {isa = PBXFileReference; fileEncoding = 4; lastKnownFileType = sourcecode.c.objc; path = UIViewWithRoundedCorners.m; sourceTree = "<group>"; };
		F4F62E161376DAAA00D698A0 /* QuotesService.m */ = {isa = PBXFileReference; lastKnownFileType = sourcecode.c.objc; path = QuotesService.m; sourceTree = "<group>"; };
		F4F62E161376DAAA00D698A2 /* QuotesService.h */ = {isa = PBXFileReference; lastKnownFileType = sourcecode.c.h; path = QuotesService.h; sourceTree = "<group>"; };
		F4F62E161376DAAA00D698A3 /* VideoModel.m */ = {isa = PBXFileReference; lastKnownFileType = sourcecode.c.objc; path = VideoModel.m; sourceTree = "<group>"; };
		F4F62E161376DAAA00D698A5 /* VideoModel.h */ = {isa = PBXFileReference; lastKnownFileType = sourcecode.c.h; path = VideoModel.h; sourceTree = "<group>"; };
		F4F62E161376DAAA00D698A6 /* NSDate+FromJsonDate.m */ = {isa = PBXFileReference; lastKnownFileType = sourcecode.c.objc; path = "NSDate+FromJsonDate.m"; sourceTree = "<group>"; };
		F4F62E161376DAAA00D698A8 /* NSDate+FromJsonDate.h */ = {isa = PBXFileReference; lastKnownFileType = sourcecode.c.h; path = "NSDate+FromJsonDate.h"; sourceTree = "<group>"; };
		F4F62E161376DAAA00D698A9 /* UIView+ShowActivityIndicator.m */ = {isa = PBXFileReference; lastKnownFileType = sourcecode.c.objc; path = "UIView+ShowActivityIndicator.m"; sourceTree = "<group>"; };
		F4F62E161376DAAA00D698AB /* UIView+ShowActivityIndicator.h */ = {isa = PBXFileReference; lastKnownFileType = sourcecode.c.h; path = "UIView+ShowActivityIndicator.h"; sourceTree = "<group>"; };
		F4F62E161376DAAA00D698AC /* NSArray+Linq.m */ = {isa = PBXFileReference; lastKnownFileType = sourcecode.c.objc; path = "NSArray+Linq.m"; sourceTree = "<group>"; };
		F4F62E161376DAAA00D698AE /* NSArray+Linq.h */ = {isa = PBXFileReference; lastKnownFileType = sourcecode.c.h; path = "NSArray+Linq.h"; sourceTree = "<group>"; };
		F4F62E161376DAAA00D698AF /* UIViewController+ShowActivityIndicator.m */ = {isa = PBXFileReference; lastKnownFileType = sourcecode.c.objc; path = "UIViewController+ShowActivityIndicator.m"; sourceTree = "<group>"; };
		F4F62E161376DAAA00D698B1 /* UIViewController+ShowActivityIndicator.h */ = {isa = PBXFileReference; lastKnownFileType = sourcecode.c.h; path = "UIViewController+ShowActivityIndicator.h"; sourceTree = "<group>"; };
		F4F62E161376DAAA00D698B2 /* NSDate+Format.m */ = {isa = PBXFileReference; lastKnownFileType = sourcecode.c.objc; path = "NSDate+Format.m"; sourceTree = "<group>"; };
		F4F62E161376DAAA00D698B4 /* NSDate+Format.h */ = {isa = PBXFileReference; lastKnownFileType = sourcecode.c.h; path = "NSDate+Format.h"; sourceTree = "<group>"; };
/* End PBXFileReference section */

/* Begin PBXFrameworksBuildPhase section */
		1919B5B71377180800D3D5F7 /* Frameworks */ = {
			isa = PBXFrameworksBuildPhase;
			buildActionMask = 2147483647;
			files = (
				1919B5BC1377180800D3D5F7 /* UIKit.framework in Frameworks */,
				1919B5BD1377180800D3D5F7 /* Foundation.framework in Frameworks */,
				1919B5BE1377180800D3D5F7 /* CoreGraphics.framework in Frameworks */,
			);
			runOnlyForDeploymentPostprocessing = 0;
		};
		F48B4D07134E063F007B0100 /* Frameworks */ = {
			isa = PBXFrameworksBuildPhase;
			buildActionMask = 2147483647;
			files = (
				F414344A1375C3F6007605F2 /* QuartzCore.framework in Frameworks */,
				F424706D1369305E00660869 /* MediaPlayer.framework in Frameworks */,
				F48B4D0F134E063F007B0100 /* UIKit.framework in Frameworks */,
				F48B4D11134E063F007B0100 /* Foundation.framework in Frameworks */,
				F48B4D13134E063F007B0100 /* CoreGraphics.framework in Frameworks */,
				F48B4D15134E063F007B0100 /* CoreData.framework in Frameworks */,
				F424706F1369328B00660869 /* MediaPlayer.framework in Frameworks */,
				F414344C1375C406007605F2 /* QuartzCore.framework in Frameworks */,
			);
			runOnlyForDeploymentPostprocessing = 0;
		};
/* End PBXFrameworksBuildPhase section */

/* Begin PBXGroup section */
		1919B5BF1377180800D3D5F7 /* EEIPad.LogicTests */ = {
			isa = PBXGroup;
			children = (
				1919B5C61377180800D3D5F7 /* when_initializing_quote.h */,
				1919B5C81377180800D3D5F7 /* when_initializing_quote.m */,
				1919B5C01377180800D3D5F7 /* Supporting Files */,
				199FCBE413782BEE0079E012 /* when_initializing_quote_category.h */,
				199FCBE513782BEE0079E012 /* when_initializing_quote_category.m */,
				19957D4C1378778F0005A407 /* when_initializing_quote_model.h */,
				19957D4D1378778F0005A407 /* when_initializing_quote_model.m */,
				19957D50137921EE0005A407 /* QuoteDictionaryBuilder.h */,
				19957D51137921EE0005A407 /* QuoteDictionaryBuilder.m */,
			);
			path = EEIPad.LogicTests;
			sourceTree = "<group>";
		};
		1919B5C01377180800D3D5F7 /* Supporting Files */ = {
			isa = PBXGroup;
			children = (
				1919B5C11377180800D3D5F7 /* EEIPad.LogicTests-Info.plist */,
				1919B5C21377180800D3D5F7 /* InfoPlist.strings */,
				1919B5C51377180800D3D5F7 /* EEIPad.LogicTests-Prefix.pch */,
			);
			name = "Supporting Files";
			sourceTree = "<group>";
		};
		197D02EC1369DEEF0082C1EC /* Utils */ = {
			isa = PBXGroup;
			children = (
				F4F62E161376DAAA00D698B4 /* NSDate+Format.h */,
				F4F62E161376DAAA00D698B2 /* NSDate+Format.m */,
				F4F62E161376DAAA00D698B1 /* UIViewController+ShowActivityIndicator.h */,
				F4F62E161376DAAA00D698AF /* UIViewController+ShowActivityIndicator.m */,
				F4F62E161376DAAA00D698AE /* NSArray+Linq.h */,
				F4F62E161376DAAA00D698AC /* NSArray+Linq.m */,
				F4F62E161376DAAA00D698AB /* UIView+ShowActivityIndicator.h */,
				F4F62E161376DAAA00D698A9 /* UIView+ShowActivityIndicator.m */,
				F4F62E161376DAAA00D698A8 /* NSDate+FromJsonDate.h */,
				F4F62E161376DAAA00D698A6 /* NSDate+FromJsonDate.m */,
				23B808521379C46800FC40C3 /* PageControl.h */,
				23B808531379C46800FC40C3 /* PageControl.m */,
				197D02F41369E7720082C1EC /* WebRequest.h */,
				197D02F51369E7720082C1EC /* WebRequest.m */,
				197D02F71369E7AD0082C1EC /* JSONKit.h */,
				197D02F81369E7AD0082C1EC /* JSONKit.m */,
				F414340D13758C14007605F2 /* UIViewWithShadow.h */,
				F414340E13758C14007605F2 /* UIViewWithShadow.m */,
				F41434461375C1EB007605F2 /* UIViewWithGradient.h */,
				F41434471375C1EB007605F2 /* UIViewWithGradient.m */,
				F4F62E141376DAAA00D6989F /* UIViewWithRoundedCorners.h */,
				F4F62E151376DAAA00D6989F /* UIViewWithRoundedCorners.m */,
			);
			name = Utils;
			sourceTree = "<group>";
		};
		19B51B2E135C80D70015FB5A /* Quotes */ = {
			isa = PBXGroup;
			children = (
				F4F62E161376DAAA00D698A2 /* QuotesService.h */,
				F4F62E161376DAAA00D698A0 /* QuotesService.m */,
				19B51B42135C823A0015FB5A /* QuotesViewController.xib */,
				19B51B36135C81840015FB5A /* QuotesTableCell.h */,
				19B51B37135C81840015FB5A /* QuotesTableCell.m */,
				19B51B38135C81840015FB5A /* QuotesTableCell.xib */,
				19B51B39135C81840015FB5A /* QuotesTableDelegate.h */,
				19B51B3A135C81840015FB5A /* QuotesTableDelegate.m */,
				19B51B3B135C81840015FB5A /* QuotesViewController.h */,
				19B51B3C135C81840015FB5A /* QuotesViewController.m */,
				19F032BC137675F800920828 /* QuotesModel.h */,
				19F032BD137675F800920828 /* QuotesModel.m */,
				19F032C0137677B500920828 /* Quote.h */,
				19F032C1137677B600920828 /* Quote.m */,
				19F032C313767C7800920828 /* QuotesCategory.h */,
				19F032C413767C7800920828 /* QuotesCategory.m */,
				23AF2E691380062C00942F5E /* SingleQuotesViewController.h */,
				23AF2E6A1380062C00942F5E /* SingleQuotesViewController.m */,
				23AF2E6B1380062C00942F5E /* SingleQuotesViewController.xib */,
			);
			name = Quotes;
			sourceTree = "<group>";
		};
		F414341113759A9A007605F2 /* images */ = {
			isa = PBXGroup;
			children = (
				23B808561379C4A200FC40C3 /* active_page_icon.png */,
				23B808571379C4A200FC40C3 /* page_icon.png */,
				F414341213759A9A007605F2 /* background.png */,
				F414341313759A9A007605F2 /* banner.png */,
				F414341413759A9A007605F2 /* full_screen.png */,
				F414341513759A9A007605F2 /* green_up.png */,
				F414341613759A9A007605F2 /* mask.png */,
				F414341713759A9A007605F2 /* red_down.png */,
				F414341813759A9A007605F2 /* restore.png */,
				F414341913759A9A007605F2 /* stockquotes.png */,
				F414341A13759A9A007605F2 /* widget_large.png */,
				F414341C13759A9A007605F2 /* widget_small.png */,
				F414341D13759A9A007605F2 /* widget_title.png */,
				F414342813759A9A007605F2 /* widgetlg_title.png */,
			);
			path = images;
			sourceTree = "<group>";
		};
		F43DD72D1358CB8A00F92AD9 /* Widgets */ = {
			isa = PBXGroup;
			children = (
				F43DD753135B68E700F92AD9 /* LargeWidgets */,
				F43DD72F1358CBDC00F92AD9 /* SmallWidgets */,
				F404C872134F4FF0006EAA18 /* WidgetLg.h */,
				F404C873134F4FF0006EAA18 /* WidgetLg.m */,
				F404C874134F4FF0006EAA18 /* WidgetLg.xib */,
				F4ECB5B3135827AC009CD828 /* WidgetSm.h */,
				F4ECB5B4135827AC009CD828 /* WidgetSm.m */,
				F4ECB5B5135827AC009CD828 /* WidgetSm.xib */,
				F43DD750135AB2C600F92AD9 /* Widget.h */,
				F43DD751135AB2C600F92AD9 /* Widget.m */,
			);
			name = Widgets;
			sourceTree = "<group>";
		};
		F43DD72F1358CBDC00F92AD9 /* SmallWidgets */ = {
			isa = PBXGroup;
			children = (
				F4F62E161376DAAA00D698A5 /* VideoModel.h */,
				F4F62E161376DAAA00D698A3 /* VideoModel.m */,
				19B51B2E135C80D70015FB5A /* Quotes */,
				F43DD7301358CC7100F92AD9 /* StocksWidget.h */,
				F43DD7311358CC7100F92AD9 /* StocksWidget.m */,
				F43DD7321358CC7100F92AD9 /* StocksWidget.xib */,
				F424706713692AC100660869 /* VideoWidget.h */,
				F424706813692AC100660869 /* VideoWidget.m */,
				F424706913692AC100660869 /* VideoWidget.xib */,
			);
			name = SmallWidgets;
			sourceTree = "<group>";
		};
		F43DD7351358D02900F92AD9 /* Configuration */ = {
			isa = PBXGroup;
			children = (
				F43DD7361358D09100F92AD9 /* WidgetConfig.h */,
				F43DD7371358D09100F92AD9 /* WidgetConfig.m */,
				F43DD7391358D17B00F92AD9 /* AppConfig.h */,
				F43DD73A1358D17B00F92AD9 /* AppConfig.m */,
				F43DD7451359DCEC00F92AD9 /* ScrollViewConfig.h */,
				F43DD7461359DCEC00F92AD9 /* ScrollViewConfig.m */,
			);
			name = Configuration;
			sourceTree = "<group>";
		};
		F43DD753135B68E700F92AD9 /* LargeWidgets */ = {
			isa = PBXGroup;
			children = (
				F4E293B2136F386400E9E361 /* CategoryWidget */,
				F43DD754135B691A00F92AD9 /* NewsAndAnalysisWidget.h */,
				F43DD755135B691A00F92AD9 /* NewsAndAnalysisWidget.m */,
				F43DD756135B691A00F92AD9 /* NewsAndAnalysisWidget.xib */,
			);
			name = LargeWidgets;
			sourceTree = "<group>";
		};
		F4825F6F13562E8300837AE2 /* Images */ = {
			isa = PBXGroup;
			children = (
				F414341113759A9A007605F2 /* images */,
			);
			name = Images;
			sourceTree = "<group>";
		};
		F48B4CFF134E063E007B0100 = {
			isa = PBXGroup;
			children = (
				F41434491375C3F6007605F2 /* QuartzCore.framework */,
				F424706C1369305D00660869 /* MediaPlayer.framework */,
				F424C403135C1BDD00EF228D /* UIViewScrollContainer.h */,
				F424C404135C1BDE00EF228D /* UIViewScrollContainer.m */,
				F48B4D16134E063F007B0100 /* EEIPad */,
				1919B5BF1377180800D3D5F7 /* EEIPad.LogicTests */,
				F48B4D0D134E063F007B0100 /* Frameworks */,
				F48B4D0B134E063F007B0100 /* Products */,
			);
			sourceTree = "<group>";
		};
		F48B4D0B134E063F007B0100 /* Products */ = {
			isa = PBXGroup;
			children = (
				F48B4D0A134E063F007B0100 /* EEIPad.app */,
				1919B5BB1377180800D3D5F7 /* EEIPad.LogicTests.octest */,
			);
			name = Products;
			sourceTree = "<group>";
		};
		F48B4D0D134E063F007B0100 /* Frameworks */ = {
			isa = PBXGroup;
			children = (
				F414344B1375C406007605F2 /* QuartzCore.framework */,
				F424706E1369328B00660869 /* MediaPlayer.framework */,
				F48B4D0E134E063F007B0100 /* UIKit.framework */,
				F48B4D10134E063F007B0100 /* Foundation.framework */,
				F48B4D12134E063F007B0100 /* CoreGraphics.framework */,
				F48B4D14134E063F007B0100 /* CoreData.framework */,
			);
			name = Frameworks;
			sourceTree = "<group>";
		};
		F48B4D16134E063F007B0100 /* EEIPad */ = {
			isa = PBXGroup;
			children = (
				197D02EC1369DEEF0082C1EC /* Utils */,
				F43DD7351358D02900F92AD9 /* Configuration */,
				F43DD72D1358CB8A00F92AD9 /* Widgets */,
				F4825F6F13562E8300837AE2 /* Images */,
				F48B4D1F134E063F007B0100 /* EEIAppDelegate.h */,
				F48B4D20134E063F007B0100 /* EEIAppDelegate.m */,
				F48B4D25134E063F007B0100 /* MainWindow.xib */,
				F48B4D28134E063F007B0100 /* DetailViewController.h */,
				F48B4D29134E063F007B0100 /* DetailViewController.m */,
				F48B4D2B134E063F007B0100 /* DetailView.xib */,
				F48B4D22134E063F007B0100 /* EEIPad.xcdatamodeld */,
				F48B4D17134E063F007B0100 /* Supporting Files */,
				F485BE20134E4C9200B344D9 /* ScrollManager.h */,
				F485BE21134E4C9200B344D9 /* ScrollManager.m */,
			);
			path = EEIPad;
			sourceTree = "<group>";
		};
		F48B4D17134E063F007B0100 /* Supporting Files */ = {
			isa = PBXGroup;
			children = (
				F48B4D18134E063F007B0100 /* EEIPad-Info.plist */,
				F48B4D19134E063F007B0100 /* InfoPlist.strings */,
				F48B4D1C134E063F007B0100 /* EEIPad-Prefix.pch */,
				F48B4D1D134E063F007B0100 /* main.m */,
			);
			name = "Supporting Files";
			sourceTree = "<group>";
		};
		F4E293B2136F386400E9E361 /* CategoryWidget */ = {
			isa = PBXGroup;
			children = (
				F46BACCB136F3A3600AEED85 /* CategoryArticlesWidget.h */,
				F46BACCC136F3A3600AEED85 /* CategoryArticlesWidget.m */,
				F46BACCD136F3A3600AEED85 /* CategoryArticlesWidget.xib */,
				F46BACCE136F3A3600AEED85 /* CategoryViewController.h */,
				F46BACCF136F3A3600AEED85 /* CategoryViewController.m */,
				F403699B137DA92F00F4C212 /* Article.h */,
				F403699C137DA92F00F4C212 /* Article.m */,
				F403699F137DAB7A00F4C212 /* ArticlesGroup.h */,
				F40369A0137DAB7A00F4C212 /* ArticlesGroup.m */,
			);
			name = CategoryWidget;
			sourceTree = "<group>";
		};
/* End PBXGroup section */

/* Begin PBXNativeTarget section */
		1919B5BA1377180800D3D5F7 /* EEIPad.LogicTests */ = {
			isa = PBXNativeTarget;
			buildConfigurationList = 1919B5CA1377180800D3D5F7 /* Build configuration list for PBXNativeTarget "EEIPad.LogicTests" */;
			buildPhases = (
				1919B5B61377180800D3D5F7 /* Sources */,
				1919B5B71377180800D3D5F7 /* Frameworks */,
				1919B5B81377180800D3D5F7 /* Resources */,
				1919B5B91377180800D3D5F7 /* ShellScript */,
			);
			buildRules = (
			);
			dependencies = (
			);
			name = EEIPad.LogicTests;
			productName = EEIPad.LogicTests;
			productReference = 1919B5BB1377180800D3D5F7 /* EEIPad.LogicTests.octest */;
			productType = "com.apple.product-type.bundle";
		};
		F48B4D09134E063F007B0100 /* EEIPad */ = {
			isa = PBXNativeTarget;
			buildConfigurationList = F48B4D4A134E063F007B0100 /* Build configuration list for PBXNativeTarget "EEIPad" */;
			buildPhases = (
				F48B4D06134E063F007B0100 /* Sources */,
				F48B4D07134E063F007B0100 /* Frameworks */,
				F48B4D08134E063F007B0100 /* Resources */,
			);
			buildRules = (
			);
			dependencies = (
			);
			name = EEIPad;
			productName = SplitViewTest1;
			productReference = F48B4D0A134E063F007B0100 /* EEIPad.app */;
			productType = "com.apple.product-type.application";
		};
/* End PBXNativeTarget section */

/* Begin PBXProject section */
		F48B4D01134E063E007B0100 /* Project object */ = {
			isa = PBXProject;
			buildConfigurationList = F48B4D04134E063E007B0100 /* Build configuration list for PBXProject "EEIPad" */;
			compatibilityVersion = "Xcode 3.2";
			developmentRegion = English;
			hasScannedForEncodings = 0;
			knownRegions = (
				en,
			);
			mainGroup = F48B4CFF134E063E007B0100;
			productRefGroup = F48B4D0B134E063F007B0100 /* Products */;
			projectDirPath = "";
			projectRoot = "";
			targets = (
				F48B4D09134E063F007B0100 /* EEIPad */,
				1919B5BA1377180800D3D5F7 /* EEIPad.LogicTests */,
			);
		};
/* End PBXProject section */

/* Begin PBXResourcesBuildPhase section */
		1919B5B81377180800D3D5F7 /* Resources */ = {
			isa = PBXResourcesBuildPhase;
			buildActionMask = 2147483647;
			files = (
				1919B5C41377180800D3D5F7 /* InfoPlist.strings in Resources */,
				1919B5C71377180800D3D5F7 /* when_initializing_quote.h in Resources */,
			);
			runOnlyForDeploymentPostprocessing = 0;
		};
		F48B4D08134E063F007B0100 /* Resources */ = {
			isa = PBXResourcesBuildPhase;
			buildActionMask = 2147483647;
			files = (
				F48B4D1B134E063F007B0100 /* InfoPlist.strings in Resources */,
				F48B4D27134E063F007B0100 /* MainWindow.xib in Resources */,
				F48B4D2D134E063F007B0100 /* DetailView.xib in Resources */,
				F404C876134F4FF0006EAA18 /* WidgetLg.xib in Resources */,
				F4ECB5B7135827AC009CD828 /* WidgetSm.xib in Resources */,
				F43DD7341358CC7100F92AD9 /* StocksWidget.xib in Resources */,
				F43DD758135B691A00F92AD9 /* NewsAndAnalysisWidget.xib in Resources */,
				19B51B3F135C81840015FB5A /* QuotesTableCell.xib in Resources */,
				19B51B43135C823A0015FB5A /* QuotesViewController.xib in Resources */,
				F424706B13692AC100660869 /* VideoWidget.xib in Resources */,
				F46BACD1136F3A3600AEED85 /* CategoryArticlesWidget.xib in Resources */,
				F414342C13759A9A007605F2 /* background.png in Resources */,
				F414342D13759A9A007605F2 /* banner.png in Resources */,
				F414342E13759A9A007605F2 /* full_screen.png in Resources */,
				F414342F13759A9A007605F2 /* green_up.png in Resources */,
				F414343013759A9A007605F2 /* mask.png in Resources */,
				F414343113759A9A007605F2 /* red_down.png in Resources */,
				F414343213759A9A007605F2 /* restore.png in Resources */,
				F414343313759A9A007605F2 /* stockquotes.png in Resources */,
				F414343413759A9A007605F2 /* widget_large.png in Resources */,
				F414343613759A9A007605F2 /* widget_small.png in Resources */,
				F414343713759A9A007605F2 /* widget_title.png in Resources */,
				F414344213759A9A007605F2 /* widgetlg_title.png in Resources */,
				23B808581379C4A200FC40C3 /* active_page_icon.png in Resources */,
				23B808591379C4A200FC40C3 /* page_icon.png in Resources */,
				23AF2E6D1380062C00942F5E /* SingleQuotesViewController.xib in Resources */,
			);
			runOnlyForDeploymentPostprocessing = 0;
		};
/* End PBXResourcesBuildPhase section */

/* Begin PBXShellScriptBuildPhase section */
		1919B5B91377180800D3D5F7 /* ShellScript */ = {
			isa = PBXShellScriptBuildPhase;
			buildActionMask = 2147483647;
			files = (
			);
			inputPaths = (
			);
			outputPaths = (
			);
			runOnlyForDeploymentPostprocessing = 0;
			shellPath = /bin/sh;
			shellScript = "# Run the unit tests in this test bundle.\n\"${SYSTEM_DEVELOPER_DIR}/Tools/RunUnitTests\"\n";
		};
/* End PBXShellScriptBuildPhase section */

/* Begin PBXSourcesBuildPhase section */
		1919B5B61377180800D3D5F7 /* Sources */ = {
			isa = PBXSourcesBuildPhase;
			buildActionMask = 2147483647;
			files = (
				1919B5CD13772E3C00D3D5F7 /* QuotesModel.h in Sources */,
				1919B5CE13772E3C00D3D5F7 /* QuotesModel.m in Sources */,
				1919B5CF13772E3C00D3D5F7 /* Quote.h in Sources */,
				1919B5D013772E3C00D3D5F7 /* Quote.m in Sources */,
				1919B5D113772E3C00D3D5F7 /* QuotesCategory.h in Sources */,
				1919B5D213772E3C00D3D5F7 /* QuotesCategory.m in Sources */,
				1919B5C91377180800D3D5F7 /* when_initializing_quote.m in Sources */,
				199FCBE613782BEE0079E012 /* when_initializing_quote_category.m in Sources */,
				19957D4E1378778F0005A407 /* when_initializing_quote_model.m in Sources */,
				19957D52137921EE0005A407 /* QuoteDictionaryBuilder.m in Sources */,
			);
			runOnlyForDeploymentPostprocessing = 0;
		};
		F48B4D06134E063F007B0100 /* Sources */ = {
			isa = PBXSourcesBuildPhase;
			buildActionMask = 2147483647;
			files = (
				19AF369E137945B3009F67EC /* Quote.h in Sources */,
				19AF369F137945B3009F67EC /* Quote.m in Sources */,
				19AF369C137945A7009F67EC /* QuotesCategory.h in Sources */,
				19AF369D137945A7009F67EC /* QuotesCategory.m in Sources */,
				19AF369913794591009F67EC /* QuotesModel.h in Sources */,
				19AF369A13794591009F67EC /* QuotesModel.m in Sources */,
				F48B4D1E134E063F007B0100 /* main.m in Sources */,
				F48B4D21134E063F007B0100 /* EEIAppDelegate.m in Sources */,
				F48B4D24134E063F007B0100 /* EEIPad.xcdatamodeld in Sources */,
				F48B4D2A134E063F007B0100 /* DetailViewController.m in Sources */,
				F485BE22134E4C9200B344D9 /* ScrollManager.m in Sources */,
				F404C875134F4FF0006EAA18 /* WidgetLg.m in Sources */,
				F4ECB5B6135827AC009CD828 /* WidgetSm.m in Sources */,
				F43DD7331358CC7100F92AD9 /* StocksWidget.m in Sources */,
				F43DD7381358D09100F92AD9 /* WidgetConfig.m in Sources */,
				F43DD73B1358D17B00F92AD9 /* AppConfig.m in Sources */,
				F43DD7471359DCEC00F92AD9 /* ScrollViewConfig.m in Sources */,
				F43DD752135AB2C700F92AD9 /* Widget.m in Sources */,
				F43DD757135B691A00F92AD9 /* NewsAndAnalysisWidget.m in Sources */,
				F424C405135C1BDE00EF228D /* UIViewScrollContainer.m in Sources */,
				19B51B3E135C81840015FB5A /* QuotesTableCell.m in Sources */,
				19B51B40135C81840015FB5A /* QuotesTableDelegate.m in Sources */,
				19B51B41135C81840015FB5A /* QuotesViewController.m in Sources */,
				F424706A13692AC100660869 /* VideoWidget.m in Sources */,
				197D02F61369E7720082C1EC /* WebRequest.m in Sources */,
				197D02F91369E7AD0082C1EC /* JSONKit.m in Sources */,
				F46BACD0136F3A3600AEED85 /* CategoryArticlesWidget.m in Sources */,
				F46BACD2136F3A3600AEED85 /* CategoryViewController.m in Sources */,
				F414340F13758C14007605F2 /* UIViewWithShadow.m in Sources */,
				F41434481375C1EB007605F2 /* UIViewWithGradient.m in Sources */,
				F4F62E161376DAAA00D6989F /* UIViewWithRoundedCorners.m in Sources */,
				23B808541379C46800FC40C3 /* PageControl.m in Sources */,
				F4F62E161376DAAA00D698A1 /* QuotesService.m in Sources */,
				F403699D137DA92F00F4C212 /* Article.m in Sources */,
				F40369A1137DAB7A00F4C212 /* ArticlesGroup.m in Sources */,
				23AF2E6C1380062C00942F5E /* SingleQuotesViewController.m in Sources */,
				F4F62E161376DAAA00D698A4 /* VideoModel.m in Sources */,
				F4F62E161376DAAA00D698A7 /* NSDate+FromJsonDate.m in Sources */,
				F4F62E161376DAAA00D698AA /* UIView+ShowActivityIndicator.m in Sources */,
				F4F62E161376DAAA00D698AD /* NSArray+Linq.m in Sources */,
				F4F62E161376DAAA00D698B0 /* UIViewController+ShowActivityIndicator.m in Sources */,
				F4F62E161376DAAA00D698B3 /* NSDate+Format.m in Sources */,
			);
			runOnlyForDeploymentPostprocessing = 0;
		};
/* End PBXSourcesBuildPhase section */

/* Begin PBXVariantGroup section */
		1919B5C21377180800D3D5F7 /* InfoPlist.strings */ = {
			isa = PBXVariantGroup;
			children = (
				1919B5C31377180800D3D5F7 /* en */,
			);
			name = InfoPlist.strings;
			sourceTree = "<group>";
		};
		F48B4D19134E063F007B0100 /* InfoPlist.strings */ = {
			isa = PBXVariantGroup;
			children = (
				F48B4D1A134E063F007B0100 /* en */,
			);
			name = InfoPlist.strings;
			sourceTree = "<group>";
		};
		F48B4D25134E063F007B0100 /* MainWindow.xib */ = {
			isa = PBXVariantGroup;
			children = (
				F48B4D26134E063F007B0100 /* en */,
			);
			name = MainWindow.xib;
			sourceTree = "<group>";
		};
		F48B4D2B134E063F007B0100 /* DetailView.xib */ = {
			isa = PBXVariantGroup;
			children = (
				F48B4D2C134E063F007B0100 /* en */,
			);
			name = DetailView.xib;
			sourceTree = "<group>";
		};
/* End PBXVariantGroup section */

/* Begin XCBuildConfiguration section */
		1919B5CB1377180800D3D5F7 /* Debug */ = {
			isa = XCBuildConfiguration;
			buildSettings = {
				ALWAYS_SEARCH_USER_PATHS = NO;
				ARCHS = "$(ARCHS_STANDARD_32_BIT)";
				FRAMEWORK_SEARCH_PATHS = (
					"$(SDKROOT)/Developer/Library/Frameworks",
					"$(DEVELOPER_LIBRARY_DIR)/Frameworks",
				);
				GCC_PRECOMPILE_PREFIX_HEADER = YES;
				GCC_PREFIX_HEADER = "EEIPad.LogicTests/EEIPad.LogicTests-Prefix.pch";
				INFOPLIST_FILE = "EEIPad.LogicTests/EEIPad.LogicTests-Info.plist";
				OTHER_LDFLAGS = (
					"-framework",
					SenTestingKit,
				);
				PRODUCT_NAME = "$(TARGET_NAME)";
				WRAPPER_EXTENSION = octest;
			};
			name = Debug;
		};
		1919B5CC1377180800D3D5F7 /* Release */ = {
			isa = XCBuildConfiguration;
			buildSettings = {
				ALWAYS_SEARCH_USER_PATHS = NO;
				ARCHS = "$(ARCHS_STANDARD_32_BIT)";
				FRAMEWORK_SEARCH_PATHS = (
					"$(SDKROOT)/Developer/Library/Frameworks",
					"$(DEVELOPER_LIBRARY_DIR)/Frameworks",
				);
				GCC_PRECOMPILE_PREFIX_HEADER = YES;
				GCC_PREFIX_HEADER = "EEIPad.LogicTests/EEIPad.LogicTests-Prefix.pch";
				INFOPLIST_FILE = "EEIPad.LogicTests/EEIPad.LogicTests-Info.plist";
				OTHER_LDFLAGS = (
					"-framework",
					SenTestingKit,
				);
				PRODUCT_NAME = "$(TARGET_NAME)";
				WRAPPER_EXTENSION = octest;
			};
			name = Release;
		};
		F48B4D48134E063F007B0100 /* Debug */ = {
			isa = XCBuildConfiguration;
			buildSettings = {
				ARCHS = "$(ARCHS_UNIVERSAL_IPHONE_OS)";
				"CODE_SIGN_IDENTITY[sdk=iphoneos*]" = "iPhone Developer";
				GCC_C_LANGUAGE_STANDARD = gnu99;
				GCC_OPTIMIZATION_LEVEL = 0;
				GCC_PREPROCESSOR_DEFINITIONS = DEBUG;
				GCC_SYMBOLS_PRIVATE_EXTERN = NO;
				GCC_VERSION = com.apple.compilers.llvmgcc42;
				GCC_WARN_ABOUT_RETURN_TYPE = YES;
				GCC_WARN_UNUSED_VARIABLE = YES;
				IPHONEOS_DEPLOYMENT_TARGET = 4.3;
				SDKROOT = iphoneos;
				TARGETED_DEVICE_FAMILY = 2;
			};
			name = Debug;
		};
		F48B4D49134E063F007B0100 /* Release */ = {
			isa = XCBuildConfiguration;
			buildSettings = {
				ARCHS = "$(ARCHS_UNIVERSAL_IPHONE_OS)";
				"CODE_SIGN_IDENTITY[sdk=iphoneos*]" = "iPhone Developer";
				GCC_C_LANGUAGE_STANDARD = gnu99;
				GCC_VERSION = com.apple.compilers.llvmgcc42;
				GCC_WARN_ABOUT_RETURN_TYPE = YES;
				GCC_WARN_UNUSED_VARIABLE = YES;
				IPHONEOS_DEPLOYMENT_TARGET = 4.3;
				OTHER_CFLAGS = "-DNS_BLOCK_ASSERTIONS=1";
				SDKROOT = iphoneos;
				TARGETED_DEVICE_FAMILY = 2;
			};
			name = Release;
		};
		F48B4D4B134E063F007B0100 /* Debug */ = {
			isa = XCBuildConfiguration;
			buildSettings = {
				ALWAYS_SEARCH_USER_PATHS = NO;
				COPY_PHASE_STRIP = NO;
				GCC_DYNAMIC_NO_PIC = NO;
				GCC_PRECOMPILE_PREFIX_HEADER = YES;
				GCC_PREFIX_HEADER = "EEIPad/EEIPad-Prefix.pch";
				INFOPLIST_FILE = "EEIPad/EEIPad-Info.plist";
				PRODUCT_NAME = EEIPad;
				WRAPPER_EXTENSION = app;
			};
			name = Debug;
		};
		F48B4D4C134E063F007B0100 /* Release */ = {
			isa = XCBuildConfiguration;
			buildSettings = {
				ALWAYS_SEARCH_USER_PATHS = NO;
				COPY_PHASE_STRIP = YES;
				GCC_PRECOMPILE_PREFIX_HEADER = YES;
				GCC_PREFIX_HEADER = "EEIPad/EEIPad-Prefix.pch";
				INFOPLIST_FILE = "EEIPad/EEIPad-Info.plist";
				PRODUCT_NAME = EEIPad;
				VALIDATE_PRODUCT = YES;
				WRAPPER_EXTENSION = app;
			};
			name = Release;
		};
/* End XCBuildConfiguration section */

/* Begin XCConfigurationList section */
		1919B5CA1377180800D3D5F7 /* Build configuration list for PBXNativeTarget "EEIPad.LogicTests" */ = {
			isa = XCConfigurationList;
			buildConfigurations = (
				1919B5CB1377180800D3D5F7 /* Debug */,
				1919B5CC1377180800D3D5F7 /* Release */,
			);
			defaultConfigurationIsVisible = 0;
			defaultConfigurationName = Release;
		};
		F48B4D04134E063E007B0100 /* Build configuration list for PBXProject "EEIPad" */ = {
			isa = XCConfigurationList;
			buildConfigurations = (
				F48B4D48134E063F007B0100 /* Debug */,
				F48B4D49134E063F007B0100 /* Release */,
			);
			defaultConfigurationIsVisible = 0;
			defaultConfigurationName = Release;
		};
		F48B4D4A134E063F007B0100 /* Build configuration list for PBXNativeTarget "EEIPad" */ = {
			isa = XCConfigurationList;
			buildConfigurations = (
				F48B4D4B134E063F007B0100 /* Debug */,
				F48B4D4C134E063F007B0100 /* Release */,
			);
			defaultConfigurationIsVisible = 0;
			defaultConfigurationName = Release;
		};
/* End XCConfigurationList section */

/* Begin XCVersionGroup section */
		F48B4D22134E063F007B0100 /* EEIPad.xcdatamodeld */ = {
			isa = XCVersionGroup;
			children = (
				F48B4D23134E063F007B0100 /* SplitViewTest1.xcdatamodel */,
			);
			currentVersion = F48B4D23134E063F007B0100 /* SplitViewTest1.xcdatamodel */;
			name = EEIPad.xcdatamodeld;
			path = SplitViewTest1.xcdatamodeld;
			sourceTree = "<group>";
			versionGroupType = wrapper.xcdatamodel;
		};
/* End XCVersionGroup section */
	};
	rootObject = F48B4D01134E063E007B0100 /* Project object */;
}
